// !$*UTF8*$!
{
	archiveVersion = 1;
	classes = {
	};
	objectVersion = 46;
	objects = {

/* Begin PBXBuildFile section */
		B51087D21677984800585AA3 /* UIKit.framework in Frameworks */ = {isa = PBXBuildFile; fileRef = B51087D11677984800585AA3 /* UIKit.framework */; };
		B51087D41677984800585AA3 /* Foundation.framework in Frameworks */ = {isa = PBXBuildFile; fileRef = B51087D31677984800585AA3 /* Foundation.framework */; };
		B51087D61677984800585AA3 /* CoreGraphics.framework in Frameworks */ = {isa = PBXBuildFile; fileRef = B51087D51677984800585AA3 /* CoreGraphics.framework */; };
		B51087DC1677984800585AA3 /* InfoPlist.strings in Resources */ = {isa = PBXBuildFile; fileRef = B51087DA1677984800585AA3 /* InfoPlist.strings */; };
		B51087DE1677984800585AA3 /* main.m in Sources */ = {isa = PBXBuildFile; fileRef = B51087DD1677984800585AA3 /* main.m */; };
		B51087E21677984800585AA3 /* MADAppDelegate.m in Sources */ = {isa = PBXBuildFile; fileRef = B51087E11677984800585AA3 /* MADAppDelegate.m */; };
		B51087E51677984800585AA3 /* MADViewController.m in Sources */ = {isa = PBXBuildFile; fileRef = B51087E41677984800585AA3 /* MADViewController.m */; };
		B51087E81677984800585AA3 /* MADViewController.xib in Resources */ = {isa = PBXBuildFile; fileRef = B51087E61677984800585AA3 /* MADViewController.xib */; };
		B51087F01677A02900585AA3 /* MADArchive.m in Sources */ = {isa = PBXBuildFile; fileRef = B51087EF1677A02900585AA3 /* MADArchive.m */; };
/* End PBXBuildFile section */

/* Begin PBXFileReference section */
		B51087CD1677984800585AA3 /* Task.app */ = {isa = PBXFileReference; explicitFileType = wrapper.application; includeInIndex = 0; path = Task.app; sourceTree = BUILT_PRODUCTS_DIR; };
		B51087D11677984800585AA3 /* UIKit.framework */ = {isa = PBXFileReference; lastKnownFileType = wrapper.framework; name = UIKit.framework; path = System/Library/Frameworks/UIKit.framework; sourceTree = SDKROOT; };
		B51087D31677984800585AA3 /* Foundation.framework */ = {isa = PBXFileReference; lastKnownFileType = wrapper.framework; name = Foundation.framework; path = System/Library/Frameworks/Foundation.framework; sourceTree = SDKROOT; };
		B51087D51677984800585AA3 /* CoreGraphics.framework */ = {isa = PBXFileReference; lastKnownFileType = wrapper.framework; name = CoreGraphics.framework; path = System/Library/Frameworks/CoreGraphics.framework; sourceTree = SDKROOT; };
		B51087D91677984800585AA3 /* Task-Info.plist */ = {isa = PBXFileReference; lastKnownFileType = text.plist.xml; path = "Task-Info.plist"; sourceTree = "<group>"; };
		B51087DB1677984800585AA3 /* en */ = {isa = PBXFileReference; lastKnownFileType = text.plist.strings; name = en; path = en.lproj/InfoPlist.strings; sourceTree = "<group>"; };
		B51087DD1677984800585AA3 /* main.m */ = {isa = PBXFileReference; lastKnownFileType = sourcecode.c.objc; path = main.m; sourceTree = "<group>"; };
		B51087DF1677984800585AA3 /* Task-Prefix.pch */ = {isa = PBXFileReference; lastKnownFileType = sourcecode.c.h; path = "Task-Prefix.pch"; sourceTree = "<group>"; };
		B51087E01677984800585AA3 /* MADAppDelegate.h */ = {isa = PBXFileReference; lastKnownFileType = sourcecode.c.h; path = MADAppDelegate.h; sourceTree = "<group>"; };
		B51087E11677984800585AA3 /* MADAppDelegate.m */ = {isa = PBXFileReference; lastKnownFileType = sourcecode.c.objc; path = MADAppDelegate.m; sourceTree = "<group>"; };
		B51087E31677984800585AA3 /* MADViewController.h */ = {isa = PBXFileReference; lastKnownFileType = sourcecode.c.h; path = MADViewController.h; sourceTree = "<group>"; };
		B51087E41677984800585AA3 /* MADViewController.m */ = {isa = PBXFileReference; lastKnownFileType = sourcecode.c.objc; path = MADViewController.m; sourceTree = "<group>"; };
		B51087E71677984800585AA3 /* en */ = {isa = PBXFileReference; lastKnownFileType = file.xib; name = en; path = en.lproj/MADViewController.xib; sourceTree = "<group>"; };
		B51087EE1677A02900585AA3 /* MADArchive.h */ = {isa = PBXFileReference; fileEncoding = 4; lastKnownFileType = sourcecode.c.h; path = MADArchive.h; sourceTree = "<group>"; };
		B51087EF1677A02900585AA3 /* MADArchive.m */ = {isa = PBXFileReference; fileEncoding = 4; lastKnownFileType = sourcecode.c.objc; path = MADArchive.m; sourceTree = "<group>"; };
/* End PBXFileReference section */

/* Begin PBXFrameworksBuildPhase section */
		B51087CA1677984800585AA3 /* Frameworks */ = {
			isa = PBXFrameworksBuildPhase;
			buildActionMask = 2147483647;
			files = (
				B51087D21677984800585AA3 /* UIKit.framework in Frameworks */,
				B51087D41677984800585AA3 /* Foundation.framework in Frameworks */,
				B51087D61677984800585AA3 /* CoreGraphics.framework in Frameworks */,
			);
			runOnlyForDeploymentPostprocessing = 0;
		};
/* End PBXFrameworksBuildPhase section */

/* Begin PBXGroup section */
		B51087C21677984800585AA3 = {
			isa = PBXGroup;
			children = (
				B51087D71677984800585AA3 /* Task */,
				B51087D01677984800585AA3 /* Frameworks */,
				B51087CE1677984800585AA3 /* Products */,
			);
			sourceTree = "<group>";
		};
		B51087CE1677984800585AA3 /* Products */ = {
			isa = PBXGroup;
			children = (
				B51087CD1677984800585AA3 /* Task.app */,
			);
			name = Products;
			sourceTree = "<group>";
		};
		B51087D01677984800585AA3 /* Frameworks */ = {
			isa = PBXGroup;
			children = (
				B51087D11677984800585AA3 /* UIKit.framework */,
				B51087D31677984800585AA3 /* Foundation.framework */,
				B51087D51677984800585AA3 /* CoreGraphics.framework */,
			);
			name = Frameworks;
			sourceTree = "<group>";
		};
		B51087D71677984800585AA3 /* Task */ = {
			isa = PBXGroup;
			children = (
				B51087E01677984800585AA3 /* MADAppDelegate.h */,
				B51087E11677984800585AA3 /* MADAppDelegate.m */,
				B51087E31677984800585AA3 /* MADViewController.h */,
				B51087E41677984800585AA3 /* MADViewController.m */,
				B51087EE1677A02900585AA3 /* MADArchive.h */,
				B51087EF1677A02900585AA3 /* MADArchive.m */,
				B51087E61677984800585AA3 /* MADViewController.xib */,
				B51087D81677984800585AA3 /* Supporting Files */,
			);
			path = Task;
			sourceTree = "<group>";
		};
		B51087D81677984800585AA3 /* Supporting Files */ = {
			isa = PBXGroup;
			children = (
				B51087D91677984800585AA3 /* Task-Info.plist */,
				B51087DA1677984800585AA3 /* InfoPlist.strings */,
				B51087DD1677984800585AA3 /* main.m */,
				B51087DF1677984800585AA3 /* Task-Prefix.pch */,
			);
			name = "Supporting Files";
			sourceTree = "<group>";
		};
/* End PBXGroup section */

/* Begin PBXNativeTarget section */
		B51087CC1677984800585AA3 /* Task */ = {
			isa = PBXNativeTarget;
			buildConfigurationList = B51087EB1677984800585AA3 /* Build configuration list for PBXNativeTarget "Task" */;
			buildPhases = (
				B51087C91677984800585AA3 /* Sources */,
				B51087CA1677984800585AA3 /* Frameworks */,
				B51087CB1677984800585AA3 /* Resources */,
			);
			buildRules = (
			);
			dependencies = (
			);
			name = Task;
			productName = Task;
			productReference = B51087CD1677984800585AA3 /* Task.app */;
			productType = "com.apple.product-type.application";
		};
/* End PBXNativeTarget section */

/* Begin PBXProject section */
		B51087C41677984800585AA3 /* Project object */ = {
			isa = PBXProject;
			attributes = {
				CLASSPREFIX = MAD;
				LastUpgradeCheck = 0440;
				ORGANIZATIONNAME = "Ben Leduc-Mills";
			};
			buildConfigurationList = B51087C71677984800585AA3 /* Build configuration list for PBXProject "Task" */;
			compatibilityVersion = "Xcode 3.2";
			developmentRegion = English;
			hasScannedForEncodings = 0;
			knownRegions = (
				en,
			);
			mainGroup = B51087C21677984800585AA3;
			productRefGroup = B51087CE1677984800585AA3 /* Products */;
			projectDirPath = "";
			projectRoot = "";
			targets = (
				B51087CC1677984800585AA3 /* Task */,
			);
		};
/* End PBXProject section */

/* Begin PBXResourcesBuildPhase section */
		B51087CB1677984800585AA3 /* Resources */ = {
			isa = PBXResourcesBuildPhase;
			buildActionMask = 2147483647;
			files = (
				B51087DC1677984800585AA3 /* InfoPlist.strings in Resources */,
				B51087E81677984800585AA3 /* MADViewController.xib in Resources */,
			);
			runOnlyForDeploymentPostprocessing = 0;
		};
/* End PBXResourcesBuildPhase section */

/* Begin PBXSourcesBuildPhase section */
		B51087C91677984800585AA3 /* Sources */ = {
			isa = PBXSourcesBuildPhase;
			buildActionMask = 2147483647;
			files = (
				B51087DE1677984800585AA3 /* main.m in Sources */,
				B51087E21677984800585AA3 /* MADAppDelegate.m in Sources */,
				B51087E51677984800585AA3 /* MADViewController.m in Sources */,
				B51087F01677A02900585AA3 /* MADArchive.m in Sources */,
			);
			runOnlyForDeploymentPostprocessing = 0;
		};
/* End PBXSourcesBuildPhase section */

/* Begin PBXVariantGroup section */
		B51087DA1677984800585AA3 /* InfoPlist.strings */ = {
			isa = PBXVariantGroup;
			children = (
				B51087DB1677984800585AA3 /* en */,
			);
			name = InfoPlist.strings;
			sourceTree = "<group>";
		};
		B51087E61677984800585AA3 /* MADViewController.xib */ = {
			isa = PBXVariantGroup;
			children = (
				B51087E71677984800585AA3 /* en */,
			);
			name = MADViewController.xib;
			sourceTree = "<group>";
		};
/* End PBXVariantGroup section */

/* Begin XCBuildConfiguration section */
		B51087E91677984800585AA3 /* Debug */ = {
			isa = XCBuildConfiguration;
			buildSettings = {
				ALWAYS_SEARCH_USER_PATHS = NO;
				ARCHS = "$(ARCHS_STANDARD_32_BIT)";
				CLANG_CXX_LANGUAGE_STANDARD = "gnu++0x";
				CLANG_ENABLE_OBJC_ARC = YES;
				CLANG_WARN__DUPLICATE_METHOD_MATCH = YES;
				"CODE_SIGN_IDENTITY[sdk=iphoneos*]" = "iPhone Developer";
				COPY_PHASE_STRIP = NO;
				GCC_C_LANGUAGE_STANDARD = gnu99;
				GCC_DYNAMIC_NO_PIC = NO;
				GCC_OPTIMIZATION_LEVEL = 0;
				GCC_PREPROCESSOR_DEFINITIONS = (
					"DEBUG=1",
					"$(inherited)",
				);
				GCC_SYMBOLS_PRIVATE_EXTERN = NO;
				GCC_VERSION = com.apple.compilers.llvm.clang.1_0;
				GCC_WARN_ABOUT_RETURN_TYPE = YES;
				GCC_WARN_UNINITIALIZED_AUTOS = YES;
				GCC_WARN_UNUSED_VARIABLE = YES;
				IPHONEOS_DEPLOYMENT_TARGET = 5.1;
				SDKROOT = iphoneos;
			};
			name = Debug;
		};
		B51087EA1677984800585AA3 /* Release */ = {
			isa = XCBuildConfiguration;
			buildSettings = {
				ALWAYS_SEARCH_USER_PATHS = NO;
				ARCHS = "$(ARCHS_STANDARD_32_BIT)";
				CLANG_CXX_LANGUAGE_STANDARD = "gnu++0x";
				CLANG_ENABLE_OBJC_ARC = YES;
				CLANG_WARN__DUPLICATE_METHOD_MATCH = YES;
				"CODE_SIGN_IDENTITY[sdk=iphoneos*]" = "iPhone Developer";
				COPY_PHASE_STRIP = YES;
				GCC_C_LANGUAGE_STANDARD = gnu99;
				GCC_VERSION = com.apple.compilers.llvm.clang.1_0;
				GCC_WARN_ABOUT_RETURN_TYPE = YES;
				GCC_WARN_UNINITIALIZED_AUTOS = YES;
				GCC_WARN_UNUSED_VARIABLE = YES;
				IPHONEOS_DEPLOYMENT_TARGET = 5.1;
				OTHER_CFLAGS = "-DNS_BLOCK_ASSERTIONS=1";
				SDKROOT = iphoneos;
				VALIDATE_PRODUCT = YES;
			};
			name = Release;
		};
		B51087EC1677984800585AA3 /* Debug */ = {
			isa = XCBuildConfiguration;
			buildSettings = {
				GCC_PRECOMPILE_PREFIX_HEADER = YES;
				GCC_PREFIX_HEADER = "Task/Task-Prefix.pch";
				INFOPLIST_FILE = "Task/Task-Info.plist";
				PRODUCT_NAME = "$(TARGET_NAME)";
				WRAPPER_EXTENSION = app;
			};
			name = Debug;
		};
		B51087ED1677984800585AA3 /* Release */ = {
			isa = XCBuildConfiguration;
			buildSettings = {
				GCC_PRECOMPILE_PREFIX_HEADER = YES;
				GCC_PREFIX_HEADER = "Task/Task-Prefix.pch";
				INFOPLIST_FILE = "Task/Task-Info.plist";
				PRODUCT_NAME = "$(TARGET_NAME)";
				WRAPPER_EXTENSION = app;
			};
			name = Release;
		};
/* End XCBuildConfiguration section */

/* Begin XCConfigurationList section */
		B51087C71677984800585AA3 /* Build configuration list for PBXProject "Task" */ = {
			isa = XCConfigurationList;
			buildConfigurations = (
				B51087E91677984800585AA3 /* Debug */,
				B51087EA1677984800585AA3 /* Release */,
			);
			defaultConfigurationIsVisible = 0;
			defaultConfigurationName = Release;
		};
		B51087EB1677984800585AA3 /* Build configuration list for PBXNativeTarget "Task" */ = {
			isa = XCConfigurationList;
			buildConfigurations = (
				B51087EC1677984800585AA3 /* Debug */,
				B51087ED1677984800585AA3 /* Release */,
			);
			defaultConfigurationIsVisible = 0;
		};
/* End XCConfigurationList section */
	};
	rootObject = B51087C41677984800585AA3 /* Project object */;
}
