// !$*UTF8*$!
{
	archiveVersion = 1;
	classes = {
	};
	objectVersion = 46;
	objects = {

/* Begin PBXBuildFile section */
		B5600BAE1630542500A127CE /* UIKit.framework in Frameworks */ = {isa = PBXBuildFile; fileRef = B5600BAD1630542500A127CE /* UIKit.framework */; };
		B5600BB01630542500A127CE /* Foundation.framework in Frameworks */ = {isa = PBXBuildFile; fileRef = B5600BAF1630542500A127CE /* Foundation.framework */; };
		B5600BB21630542500A127CE /* CoreGraphics.framework in Frameworks */ = {isa = PBXBuildFile; fileRef = B5600BB11630542500A127CE /* CoreGraphics.framework */; };
		B5600BB81630542500A127CE /* InfoPlist.strings in Resources */ = {isa = PBXBuildFile; fileRef = B5600BB61630542500A127CE /* InfoPlist.strings */; };
		B5600BBA1630542500A127CE /* main.m in Sources */ = {isa = PBXBuildFile; fileRef = B5600BB91630542500A127CE /* main.m */; };
		B5600BBE1630542500A127CE /* MADAppDelegate.m in Sources */ = {isa = PBXBuildFile; fileRef = B5600BBD1630542500A127CE /* MADAppDelegate.m */; };
		B5600BC51630553800A127CE /* TabBarController.xib in Resources */ = {isa = PBXBuildFile; fileRef = B5600BC41630553800A127CE /* TabBarController.xib */; };
		B5600BC916305C7200A127CE /* MADFirstViewController.m in Sources */ = {isa = PBXBuildFile; fileRef = B5600BC716305C7200A127CE /* MADFirstViewController.m */; };
		B5600BCA16305C7200A127CE /* MADFirstViewController.xib in Resources */ = {isa = PBXBuildFile; fileRef = B5600BC816305C7200A127CE /* MADFirstViewController.xib */; };
		B5600BCE16305C8B00A127CE /* MADSecondViewController.m in Sources */ = {isa = PBXBuildFile; fileRef = B5600BCC16305C8B00A127CE /* MADSecondViewController.m */; };
		B5600BCF16305C8B00A127CE /* MADSecondViewController.xib in Resources */ = {isa = PBXBuildFile; fileRef = B5600BCD16305C8B00A127CE /* MADSecondViewController.xib */; };
		B5600BD316305CA900A127CE /* MADThirdViewController.m in Sources */ = {isa = PBXBuildFile; fileRef = B5600BD116305CA900A127CE /* MADThirdViewController.m */; };
		B5600BD416305CA900A127CE /* MADThirdViewController.xib in Resources */ = {isa = PBXBuildFile; fileRef = B5600BD216305CA900A127CE /* MADThirdViewController.xib */; };
		B5600BD616305D5A00A127CE /* Beatrice for paper -101.jpeg in Resources */ = {isa = PBXBuildFile; fileRef = B5600BD516305D5A00A127CE /* Beatrice for paper -101.jpeg */; };
/* End PBXBuildFile section */

/* Begin PBXFileReference section */
		B5600BA91630542500A127CE /* Boulder.app */ = {isa = PBXFileReference; explicitFileType = wrapper.application; includeInIndex = 0; path = Boulder.app; sourceTree = BUILT_PRODUCTS_DIR; };
		B5600BAD1630542500A127CE /* UIKit.framework */ = {isa = PBXFileReference; lastKnownFileType = wrapper.framework; name = UIKit.framework; path = System/Library/Frameworks/UIKit.framework; sourceTree = SDKROOT; };
		B5600BAF1630542500A127CE /* Foundation.framework */ = {isa = PBXFileReference; lastKnownFileType = wrapper.framework; name = Foundation.framework; path = System/Library/Frameworks/Foundation.framework; sourceTree = SDKROOT; };
		B5600BB11630542500A127CE /* CoreGraphics.framework */ = {isa = PBXFileReference; lastKnownFileType = wrapper.framework; name = CoreGraphics.framework; path = System/Library/Frameworks/CoreGraphics.framework; sourceTree = SDKROOT; };
		B5600BB51630542500A127CE /* Boulder-Info.plist */ = {isa = PBXFileReference; lastKnownFileType = text.plist.xml; path = "Boulder-Info.plist"; sourceTree = "<group>"; };
		B5600BB71630542500A127CE /* en */ = {isa = PBXFileReference; lastKnownFileType = text.plist.strings; name = en; path = en.lproj/InfoPlist.strings; sourceTree = "<group>"; };
		B5600BB91630542500A127CE /* main.m */ = {isa = PBXFileReference; lastKnownFileType = sourcecode.c.objc; path = main.m; sourceTree = "<group>"; };
		B5600BBB1630542500A127CE /* Boulder-Prefix.pch */ = {isa = PBXFileReference; lastKnownFileType = sourcecode.c.h; path = "Boulder-Prefix.pch"; sourceTree = "<group>"; };
		B5600BBC1630542500A127CE /* MADAppDelegate.h */ = {isa = PBXFileReference; lastKnownFileType = sourcecode.c.h; path = MADAppDelegate.h; sourceTree = "<group>"; };
		B5600BBD1630542500A127CE /* MADAppDelegate.m */ = {isa = PBXFileReference; lastKnownFileType = sourcecode.c.objc; path = MADAppDelegate.m; sourceTree = "<group>"; };
		B5600BC41630553800A127CE /* TabBarController.xib */ = {isa = PBXFileReference; fileEncoding = 4; lastKnownFileType = file.xib; path = TabBarController.xib; sourceTree = "<group>"; };
		B5600BC616305C7200A127CE /* MADFirstViewController.h */ = {isa = PBXFileReference; fileEncoding = 4; lastKnownFileType = sourcecode.c.h; path = MADFirstViewController.h; sourceTree = "<group>"; };
		B5600BC716305C7200A127CE /* MADFirstViewController.m */ = {isa = PBXFileReference; fileEncoding = 4; lastKnownFileType = sourcecode.c.objc; path = MADFirstViewController.m; sourceTree = "<group>"; };
		B5600BC816305C7200A127CE /* MADFirstViewController.xib */ = {isa = PBXFileReference; fileEncoding = 4; lastKnownFileType = file.xib; path = MADFirstViewController.xib; sourceTree = "<group>"; };
		B5600BCB16305C8B00A127CE /* MADSecondViewController.h */ = {isa = PBXFileReference; fileEncoding = 4; lastKnownFileType = sourcecode.c.h; path = MADSecondViewController.h; sourceTree = "<group>"; };
		B5600BCC16305C8B00A127CE /* MADSecondViewController.m */ = {isa = PBXFileReference; fileEncoding = 4; lastKnownFileType = sourcecode.c.objc; path = MADSecondViewController.m; sourceTree = "<group>"; };
		B5600BCD16305C8B00A127CE /* MADSecondViewController.xib */ = {isa = PBXFileReference; fileEncoding = 4; lastKnownFileType = file.xib; path = MADSecondViewController.xib; sourceTree = "<group>"; };
		B5600BD016305CA900A127CE /* MADThirdViewController.h */ = {isa = PBXFileReference; fileEncoding = 4; lastKnownFileType = sourcecode.c.h; path = MADThirdViewController.h; sourceTree = "<group>"; };
		B5600BD116305CA900A127CE /* MADThirdViewController.m */ = {isa = PBXFileReference; fileEncoding = 4; lastKnownFileType = sourcecode.c.objc; path = MADThirdViewController.m; sourceTree = "<group>"; };
		B5600BD216305CA900A127CE /* MADThirdViewController.xib */ = {isa = PBXFileReference; fileEncoding = 4; lastKnownFileType = file.xib; path = MADThirdViewController.xib; sourceTree = "<group>"; };
		B5600BD516305D5A00A127CE /* Beatrice for paper -101.jpeg */ = {isa = PBXFileReference; lastKnownFileType = image.jpeg; path = "Beatrice for paper -101.jpeg"; sourceTree = "<group>"; };
/* End PBXFileReference section */

/* Begin PBXFrameworksBuildPhase section */
		B5600BA61630542500A127CE /* Frameworks */ = {
			isa = PBXFrameworksBuildPhase;
			buildActionMask = 2147483647;
			files = (
				B5600BAE1630542500A127CE /* UIKit.framework in Frameworks */,
				B5600BB01630542500A127CE /* Foundation.framework in Frameworks */,
				B5600BB21630542500A127CE /* CoreGraphics.framework in Frameworks */,
			);
			runOnlyForDeploymentPostprocessing = 0;
		};
/* End PBXFrameworksBuildPhase section */

/* Begin PBXGroup section */
		B5600B9E1630542500A127CE = {
			isa = PBXGroup;
			children = (
				B5600BB31630542500A127CE /* Boulder */,
				B5600BAC1630542500A127CE /* Frameworks */,
				B5600BAA1630542500A127CE /* Products */,
			);
			sourceTree = "<group>";
		};
		B5600BAA1630542500A127CE /* Products */ = {
			isa = PBXGroup;
			children = (
				B5600BA91630542500A127CE /* Boulder.app */,
			);
			name = Products;
			sourceTree = "<group>";
		};
		B5600BAC1630542500A127CE /* Frameworks */ = {
			isa = PBXGroup;
			children = (
				B5600BAD1630542500A127CE /* UIKit.framework */,
				B5600BAF1630542500A127CE /* Foundation.framework */,
				B5600BB11630542500A127CE /* CoreGraphics.framework */,
			);
			name = Frameworks;
			sourceTree = "<group>";
		};
		B5600BB31630542500A127CE /* Boulder */ = {
			isa = PBXGroup;
			children = (
				B5600BBC1630542500A127CE /* MADAppDelegate.h */,
				B5600BC41630553800A127CE /* TabBarController.xib */,
				B5600BC616305C7200A127CE /* MADFirstViewController.h */,
				B5600BC716305C7200A127CE /* MADFirstViewController.m */,
				B5600BC816305C7200A127CE /* MADFirstViewController.xib */,
				B5600BCB16305C8B00A127CE /* MADSecondViewController.h */,
				B5600BCC16305C8B00A127CE /* MADSecondViewController.m */,
				B5600BCD16305C8B00A127CE /* MADSecondViewController.xib */,
				B5600BD016305CA900A127CE /* MADThirdViewController.h */,
				B5600BD116305CA900A127CE /* MADThirdViewController.m */,
				B5600BD216305CA900A127CE /* MADThirdViewController.xib */,
				B5600BBD1630542500A127CE /* MADAppDelegate.m */,
				B5600BB41630542500A127CE /* Supporting Files */,
			);
			path = Boulder;
			sourceTree = "<group>";
		};
		B5600BB41630542500A127CE /* Supporting Files */ = {
			isa = PBXGroup;
			children = (
				B5600BD516305D5A00A127CE /* Beatrice for paper -101.jpeg */,
				B5600BB51630542500A127CE /* Boulder-Info.plist */,
				B5600BB61630542500A127CE /* InfoPlist.strings */,
				B5600BB91630542500A127CE /* main.m */,
				B5600BBB1630542500A127CE /* Boulder-Prefix.pch */,
			);
			name = "Supporting Files";
			sourceTree = "<group>";
		};
/* End PBXGroup section */

/* Begin PBXNativeTarget section */
		B5600BA81630542500A127CE /* Boulder */ = {
			isa = PBXNativeTarget;
			buildConfigurationList = B5600BC11630542500A127CE /* Build configuration list for PBXNativeTarget "Boulder" */;
			buildPhases = (
				B5600BA51630542500A127CE /* Sources */,
				B5600BA61630542500A127CE /* Frameworks */,
				B5600BA71630542500A127CE /* Resources */,
			);
			buildRules = (
			);
			dependencies = (
			);
			name = Boulder;
			productName = Boulder;
			productReference = B5600BA91630542500A127CE /* Boulder.app */;
			productType = "com.apple.product-type.application";
		};
/* End PBXNativeTarget section */

/* Begin PBXProject section */
		B5600BA01630542500A127CE /* Project object */ = {
			isa = PBXProject;
			attributes = {
				CLASSPREFIX = MAD;
				LastUpgradeCheck = 0440;
				ORGANIZATIONNAME = "Ben Leduc-Mills";
			};
			buildConfigurationList = B5600BA31630542500A127CE /* Build configuration list for PBXProject "Boulder" */;
			compatibilityVersion = "Xcode 3.2";
			developmentRegion = English;
			hasScannedForEncodings = 0;
			knownRegions = (
				en,
			);
			mainGroup = B5600B9E1630542500A127CE;
			productRefGroup = B5600BAA1630542500A127CE /* Products */;
			projectDirPath = "";
			projectRoot = "";
			targets = (
				B5600BA81630542500A127CE /* Boulder */,
			);
		};
/* End PBXProject section */

/* Begin PBXResourcesBuildPhase section */
		B5600BA71630542500A127CE /* Resources */ = {
			isa = PBXResourcesBuildPhase;
			buildActionMask = 2147483647;
			files = (
				B5600BB81630542500A127CE /* InfoPlist.strings in Resources */,
				B5600BC51630553800A127CE /* TabBarController.xib in Resources */,
				B5600BCA16305C7200A127CE /* MADFirstViewController.xib in Resources */,
				B5600BCF16305C8B00A127CE /* MADSecondViewController.xib in Resources */,
				B5600BD416305CA900A127CE /* MADThirdViewController.xib in Resources */,
				B5600BD616305D5A00A127CE /* Beatrice for paper -101.jpeg in Resources */,
			);
			runOnlyForDeploymentPostprocessing = 0;
		};
/* End PBXResourcesBuildPhase section */

/* Begin PBXSourcesBuildPhase section */
		B5600BA51630542500A127CE /* Sources */ = {
			isa = PBXSourcesBuildPhase;
			buildActionMask = 2147483647;
			files = (
				B5600BBA1630542500A127CE /* main.m in Sources */,
				B5600BBE1630542500A127CE /* MADAppDelegate.m in Sources */,
				B5600BC916305C7200A127CE /* MADFirstViewController.m in Sources */,
				B5600BCE16305C8B00A127CE /* MADSecondViewController.m in Sources */,
				B5600BD316305CA900A127CE /* MADThirdViewController.m in Sources */,
			);
			runOnlyForDeploymentPostprocessing = 0;
		};
/* End PBXSourcesBuildPhase section */

/* Begin PBXVariantGroup section */
		B5600BB61630542500A127CE /* InfoPlist.strings */ = {
			isa = PBXVariantGroup;
			children = (
				B5600BB71630542500A127CE /* en */,
			);
			name = InfoPlist.strings;
			sourceTree = "<group>";
		};
/* End PBXVariantGroup section */

/* Begin XCBuildConfiguration section */
		B5600BBF1630542500A127CE /* Debug */ = {
			isa = XCBuildConfiguration;
			buildSettings = {
				ALWAYS_SEARCH_USER_PATHS = NO;
				ARCHS = "$(ARCHS_STANDARD_32_BIT)";
				CLANG_CXX_LANGUAGE_STANDARD = "gnu++0x";
				CLANG_ENABLE_OBJC_ARC = YES;
				CLANG_WARN__DUPLICATE_METHOD_MATCH = YES;
				"CODE_SIGN_IDENTITY[sdk=iphoneos*]" = "iPhone Developer";
				COPY_PHASE_STRIP = NO;
				GCC_C_LANGUAGE_STANDARD = gnu99;
				GCC_DYNAMIC_NO_PIC = NO;
				GCC_OPTIMIZATION_LEVEL = 0;
				GCC_PREPROCESSOR_DEFINITIONS = (
					"DEBUG=1",
					"$(inherited)",
				);
				GCC_SYMBOLS_PRIVATE_EXTERN = NO;
				GCC_VERSION = com.apple.compilers.llvm.clang.1_0;
				GCC_WARN_ABOUT_RETURN_TYPE = YES;
				GCC_WARN_UNINITIALIZED_AUTOS = YES;
				GCC_WARN_UNUSED_VARIABLE = YES;
				IPHONEOS_DEPLOYMENT_TARGET = 5.1;
				SDKROOT = iphoneos;
			};
			name = Debug;
		};
		B5600BC01630542500A127CE /* Release */ = {
			isa = XCBuildConfiguration;
			buildSettings = {
				ALWAYS_SEARCH_USER_PATHS = NO;
				ARCHS = "$(ARCHS_STANDARD_32_BIT)";
				CLANG_CXX_LANGUAGE_STANDARD = "gnu++0x";
				CLANG_ENABLE_OBJC_ARC = YES;
				CLANG_WARN__DUPLICATE_METHOD_MATCH = YES;
				"CODE_SIGN_IDENTITY[sdk=iphoneos*]" = "iPhone Developer";
				COPY_PHASE_STRIP = YES;
				GCC_C_LANGUAGE_STANDARD = gnu99;
				GCC_VERSION = com.apple.compilers.llvm.clang.1_0;
				GCC_WARN_ABOUT_RETURN_TYPE = YES;
				GCC_WARN_UNINITIALIZED_AUTOS = YES;
				GCC_WARN_UNUSED_VARIABLE = YES;
				IPHONEOS_DEPLOYMENT_TARGET = 5.1;
				OTHER_CFLAGS = "-DNS_BLOCK_ASSERTIONS=1";
				SDKROOT = iphoneos;
				VALIDATE_PRODUCT = YES;
			};
			name = Release;
		};
		B5600BC21630542500A127CE /* Debug */ = {
			isa = XCBuildConfiguration;
			buildSettings = {
				GCC_PRECOMPILE_PREFIX_HEADER = YES;
				GCC_PREFIX_HEADER = "Boulder/Boulder-Prefix.pch";
				INFOPLIST_FILE = "Boulder/Boulder-Info.plist";
				PRODUCT_NAME = "$(TARGET_NAME)";
				WRAPPER_EXTENSION = app;
			};
			name = Debug;
		};
		B5600BC31630542500A127CE /* Release */ = {
			isa = XCBuildConfiguration;
			buildSettings = {
				GCC_PRECOMPILE_PREFIX_HEADER = YES;
				GCC_PREFIX_HEADER = "Boulder/Boulder-Prefix.pch";
				INFOPLIST_FILE = "Boulder/Boulder-Info.plist";
				PRODUCT_NAME = "$(TARGET_NAME)";
				WRAPPER_EXTENSION = app;
			};
			name = Release;
		};
/* End XCBuildConfiguration section */

/* Begin XCConfigurationList section */
		B5600BA31630542500A127CE /* Build configuration list for PBXProject "Boulder" */ = {
			isa = XCConfigurationList;
			buildConfigurations = (
				B5600BBF1630542500A127CE /* Debug */,
				B5600BC01630542500A127CE /* Release */,
			);
			defaultConfigurationIsVisible = 0;
			defaultConfigurationName = Release;
		};
		B5600BC11630542500A127CE /* Build configuration list for PBXNativeTarget "Boulder" */ = {
			isa = XCConfigurationList;
			buildConfigurations = (
				B5600BC21630542500A127CE /* Debug */,
				B5600BC31630542500A127CE /* Release */,
			);
			defaultConfigurationIsVisible = 0;
		};
/* End XCConfigurationList section */
	};
	rootObject = B5600BA01630542500A127CE /* Project object */;
}
