// !$*UTF8*$!
{
	archiveVersion = 1;
	classes = {
	};
	objectVersion = 46;
	objects = {

/* Begin PBXBuildFile section */
		B55BBF62164C128400A1EE1D /* GameDetailsViewController.m in Sources */ = {isa = PBXBuildFile; fileRef = B55BBF61164C128400A1EE1D /* GameDetailsViewController.m */; };
		B5A09ACD1649707E008042D3 /* UIKit.framework in Frameworks */ = {isa = PBXBuildFile; fileRef = B5A09ACC1649707E008042D3 /* UIKit.framework */; };
		B5A09ACF1649707E008042D3 /* Foundation.framework in Frameworks */ = {isa = PBXBuildFile; fileRef = B5A09ACE1649707E008042D3 /* Foundation.framework */; };
		B5A09AD11649707E008042D3 /* CoreGraphics.framework in Frameworks */ = {isa = PBXBuildFile; fileRef = B5A09AD01649707E008042D3 /* CoreGraphics.framework */; };
		B5A09AD71649707E008042D3 /* InfoPlist.strings in Resources */ = {isa = PBXBuildFile; fileRef = B5A09AD51649707E008042D3 /* InfoPlist.strings */; };
		B5A09AD91649707E008042D3 /* main.m in Sources */ = {isa = PBXBuildFile; fileRef = B5A09AD81649707E008042D3 /* main.m */; };
		B5A09ADD1649707E008042D3 /* MADAppDelegate.m in Sources */ = {isa = PBXBuildFile; fileRef = B5A09ADC1649707E008042D3 /* MADAppDelegate.m */; };
		B5A09AE01649707E008042D3 /* MainStoryboard.storyboard in Resources */ = {isa = PBXBuildFile; fileRef = B5A09ADE1649707E008042D3 /* MainStoryboard.storyboard */; };
		B5A09AE31649707E008042D3 /* MADFirstViewController.m in Sources */ = {isa = PBXBuildFile; fileRef = B5A09AE21649707E008042D3 /* MADFirstViewController.m */; };
		B5A09AE51649707E008042D3 /* first.png in Resources */ = {isa = PBXBuildFile; fileRef = B5A09AE41649707E008042D3 /* first.png */; };
		B5A09AE71649707E008042D3 /* first@2x.png in Resources */ = {isa = PBXBuildFile; fileRef = B5A09AE61649707E008042D3 /* first@2x.png */; };
		B5A09AEA1649707E008042D3 /* MADSecondViewController.m in Sources */ = {isa = PBXBuildFile; fileRef = B5A09AE91649707E008042D3 /* MADSecondViewController.m */; };
		B5A09AEC1649707E008042D3 /* second.png in Resources */ = {isa = PBXBuildFile; fileRef = B5A09AEB1649707E008042D3 /* second.png */; };
		B5A09AEE1649707E008042D3 /* second@2x.png in Resources */ = {isa = PBXBuildFile; fileRef = B5A09AED1649707E008042D3 /* second@2x.png */; };
		B5A09AF616497520008042D3 /* GamesViewController.m in Sources */ = {isa = PBXBuildFile; fileRef = B5A09AF516497520008042D3 /* GamesViewController.m */; };
		B5A09AF916497B16008042D3 /* ScoreViewController.m in Sources */ = {isa = PBXBuildFile; fileRef = B5A09AF816497B15008042D3 /* ScoreViewController.m */; };
/* End PBXBuildFile section */

/* Begin PBXFileReference section */
		B55BBF60164C128400A1EE1D /* GameDetailsViewController.h */ = {isa = PBXFileReference; fileEncoding = 4; lastKnownFileType = sourcecode.c.h; path = GameDetailsViewController.h; sourceTree = "<group>"; };
		B55BBF61164C128400A1EE1D /* GameDetailsViewController.m */ = {isa = PBXFileReference; fileEncoding = 4; lastKnownFileType = sourcecode.c.objc; path = GameDetailsViewController.m; sourceTree = "<group>"; };
		B5A09AC81649707E008042D3 /* GameScores.app */ = {isa = PBXFileReference; explicitFileType = wrapper.application; includeInIndex = 0; path = GameScores.app; sourceTree = BUILT_PRODUCTS_DIR; };
		B5A09ACC1649707E008042D3 /* UIKit.framework */ = {isa = PBXFileReference; lastKnownFileType = wrapper.framework; name = UIKit.framework; path = System/Library/Frameworks/UIKit.framework; sourceTree = SDKROOT; };
		B5A09ACE1649707E008042D3 /* Foundation.framework */ = {isa = PBXFileReference; lastKnownFileType = wrapper.framework; name = Foundation.framework; path = System/Library/Frameworks/Foundation.framework; sourceTree = SDKROOT; };
		B5A09AD01649707E008042D3 /* CoreGraphics.framework */ = {isa = PBXFileReference; lastKnownFileType = wrapper.framework; name = CoreGraphics.framework; path = System/Library/Frameworks/CoreGraphics.framework; sourceTree = SDKROOT; };
		B5A09AD41649707E008042D3 /* GameScores-Info.plist */ = {isa = PBXFileReference; lastKnownFileType = text.plist.xml; path = "GameScores-Info.plist"; sourceTree = "<group>"; };
		B5A09AD61649707E008042D3 /* en */ = {isa = PBXFileReference; lastKnownFileType = text.plist.strings; name = en; path = en.lproj/InfoPlist.strings; sourceTree = "<group>"; };
		B5A09AD81649707E008042D3 /* main.m */ = {isa = PBXFileReference; lastKnownFileType = sourcecode.c.objc; path = main.m; sourceTree = "<group>"; };
		B5A09ADA1649707E008042D3 /* GameScores-Prefix.pch */ = {isa = PBXFileReference; lastKnownFileType = sourcecode.c.h; path = "GameScores-Prefix.pch"; sourceTree = "<group>"; };
		B5A09ADB1649707E008042D3 /* MADAppDelegate.h */ = {isa = PBXFileReference; lastKnownFileType = sourcecode.c.h; path = MADAppDelegate.h; sourceTree = "<group>"; };
		B5A09ADC1649707E008042D3 /* MADAppDelegate.m */ = {isa = PBXFileReference; lastKnownFileType = sourcecode.c.objc; path = MADAppDelegate.m; sourceTree = "<group>"; };
		B5A09ADF1649707E008042D3 /* en */ = {isa = PBXFileReference; lastKnownFileType = file.storyboard; name = en; path = en.lproj/MainStoryboard.storyboard; sourceTree = "<group>"; };
		B5A09AE11649707E008042D3 /* MADFirstViewController.h */ = {isa = PBXFileReference; lastKnownFileType = sourcecode.c.h; path = MADFirstViewController.h; sourceTree = "<group>"; };
		B5A09AE21649707E008042D3 /* MADFirstViewController.m */ = {isa = PBXFileReference; lastKnownFileType = sourcecode.c.objc; path = MADFirstViewController.m; sourceTree = "<group>"; };
		B5A09AE41649707E008042D3 /* first.png */ = {isa = PBXFileReference; lastKnownFileType = image.png; path = first.png; sourceTree = "<group>"; };
		B5A09AE61649707E008042D3 /* first@2x.png */ = {isa = PBXFileReference; lastKnownFileType = image.png; path = "first@2x.png"; sourceTree = "<group>"; };
		B5A09AE81649707E008042D3 /* MADSecondViewController.h */ = {isa = PBXFileReference; lastKnownFileType = sourcecode.c.h; path = MADSecondViewController.h; sourceTree = "<group>"; };
		B5A09AE91649707E008042D3 /* MADSecondViewController.m */ = {isa = PBXFileReference; lastKnownFileType = sourcecode.c.objc; path = MADSecondViewController.m; sourceTree = "<group>"; };
		B5A09AEB1649707E008042D3 /* second.png */ = {isa = PBXFileReference; lastKnownFileType = image.png; path = second.png; sourceTree = "<group>"; };
		B5A09AED1649707E008042D3 /* second@2x.png */ = {isa = PBXFileReference; lastKnownFileType = image.png; path = "second@2x.png"; sourceTree = "<group>"; };
		B5A09AF416497520008042D3 /* GamesViewController.h */ = {isa = PBXFileReference; fileEncoding = 4; lastKnownFileType = sourcecode.c.h; path = GamesViewController.h; sourceTree = "<group>"; };
		B5A09AF516497520008042D3 /* GamesViewController.m */ = {isa = PBXFileReference; fileEncoding = 4; lastKnownFileType = sourcecode.c.objc; path = GamesViewController.m; sourceTree = "<group>"; };
		B5A09AF716497B15008042D3 /* ScoreViewController.h */ = {isa = PBXFileReference; fileEncoding = 4; lastKnownFileType = sourcecode.c.h; path = ScoreViewController.h; sourceTree = "<group>"; };
		B5A09AF816497B15008042D3 /* ScoreViewController.m */ = {isa = PBXFileReference; fileEncoding = 4; lastKnownFileType = sourcecode.c.objc; path = ScoreViewController.m; sourceTree = "<group>"; };
/* End PBXFileReference section */

/* Begin PBXFrameworksBuildPhase section */
		B5A09AC51649707E008042D3 /* Frameworks */ = {
			isa = PBXFrameworksBuildPhase;
			buildActionMask = 2147483647;
			files = (
				B5A09ACD1649707E008042D3 /* UIKit.framework in Frameworks */,
				B5A09ACF1649707E008042D3 /* Foundation.framework in Frameworks */,
				B5A09AD11649707E008042D3 /* CoreGraphics.framework in Frameworks */,
			);
			runOnlyForDeploymentPostprocessing = 0;
		};
/* End PBXFrameworksBuildPhase section */

/* Begin PBXGroup section */
		B5A09ABD1649707E008042D3 = {
			isa = PBXGroup;
			children = (
				B5A09AD21649707E008042D3 /* GameScores */,
				B5A09ACB1649707E008042D3 /* Frameworks */,
				B5A09AC91649707E008042D3 /* Products */,
			);
			sourceTree = "<group>";
		};
		B5A09AC91649707E008042D3 /* Products */ = {
			isa = PBXGroup;
			children = (
				B5A09AC81649707E008042D3 /* GameScores.app */,
			);
			name = Products;
			sourceTree = "<group>";
		};
		B5A09ACB1649707E008042D3 /* Frameworks */ = {
			isa = PBXGroup;
			children = (
				B5A09ACC1649707E008042D3 /* UIKit.framework */,
				B5A09ACE1649707E008042D3 /* Foundation.framework */,
				B5A09AD01649707E008042D3 /* CoreGraphics.framework */,
			);
			name = Frameworks;
			sourceTree = "<group>";
		};
		B5A09AD21649707E008042D3 /* GameScores */ = {
			isa = PBXGroup;
			children = (
				B5A09ADB1649707E008042D3 /* MADAppDelegate.h */,
				B5A09ADC1649707E008042D3 /* MADAppDelegate.m */,
				B5A09ADE1649707E008042D3 /* MainStoryboard.storyboard */,
				B55BBF60164C128400A1EE1D /* GameDetailsViewController.h */,
				B55BBF61164C128400A1EE1D /* GameDetailsViewController.m */,
				B5A09AF716497B15008042D3 /* ScoreViewController.h */,
				B5A09AF816497B15008042D3 /* ScoreViewController.m */,
				B5A09AF416497520008042D3 /* GamesViewController.h */,
				B5A09AF516497520008042D3 /* GamesViewController.m */,
				B5A09AE11649707E008042D3 /* MADFirstViewController.h */,
				B5A09AE21649707E008042D3 /* MADFirstViewController.m */,
				B5A09AE41649707E008042D3 /* first.png */,
				B5A09AE61649707E008042D3 /* first@2x.png */,
				B5A09AE81649707E008042D3 /* MADSecondViewController.h */,
				B5A09AE91649707E008042D3 /* MADSecondViewController.m */,
				B5A09AEB1649707E008042D3 /* second.png */,
				B5A09AED1649707E008042D3 /* second@2x.png */,
				B5A09AD31649707E008042D3 /* Supporting Files */,
			);
			path = GameScores;
			sourceTree = "<group>";
		};
		B5A09AD31649707E008042D3 /* Supporting Files */ = {
			isa = PBXGroup;
			children = (
				B5A09AD41649707E008042D3 /* GameScores-Info.plist */,
				B5A09AD51649707E008042D3 /* InfoPlist.strings */,
				B5A09AD81649707E008042D3 /* main.m */,
				B5A09ADA1649707E008042D3 /* GameScores-Prefix.pch */,
			);
			name = "Supporting Files";
			sourceTree = "<group>";
		};
/* End PBXGroup section */

/* Begin PBXNativeTarget section */
		B5A09AC71649707E008042D3 /* GameScores */ = {
			isa = PBXNativeTarget;
			buildConfigurationList = B5A09AF11649707E008042D3 /* Build configuration list for PBXNativeTarget "GameScores" */;
			buildPhases = (
				B5A09AC41649707E008042D3 /* Sources */,
				B5A09AC51649707E008042D3 /* Frameworks */,
				B5A09AC61649707E008042D3 /* Resources */,
			);
			buildRules = (
			);
			dependencies = (
			);
			name = GameScores;
			productName = GameScores;
			productReference = B5A09AC81649707E008042D3 /* GameScores.app */;
			productType = "com.apple.product-type.application";
		};
/* End PBXNativeTarget section */

/* Begin PBXProject section */
		B5A09ABF1649707E008042D3 /* Project object */ = {
			isa = PBXProject;
			attributes = {
				CLASSPREFIX = MAD;
				LastUpgradeCheck = 0440;
				ORGANIZATIONNAME = "Ben Leduc-Mills";
			};
			buildConfigurationList = B5A09AC21649707E008042D3 /* Build configuration list for PBXProject "GameScores" */;
			compatibilityVersion = "Xcode 3.2";
			developmentRegion = English;
			hasScannedForEncodings = 0;
			knownRegions = (
				en,
			);
			mainGroup = B5A09ABD1649707E008042D3;
			productRefGroup = B5A09AC91649707E008042D3 /* Products */;
			projectDirPath = "";
			projectRoot = "";
			targets = (
				B5A09AC71649707E008042D3 /* GameScores */,
			);
		};
/* End PBXProject section */

/* Begin PBXResourcesBuildPhase section */
		B5A09AC61649707E008042D3 /* Resources */ = {
			isa = PBXResourcesBuildPhase;
			buildActionMask = 2147483647;
			files = (
				B5A09AD71649707E008042D3 /* InfoPlist.strings in Resources */,
				B5A09AE01649707E008042D3 /* MainStoryboard.storyboard in Resources */,
				B5A09AE51649707E008042D3 /* first.png in Resources */,
				B5A09AE71649707E008042D3 /* first@2x.png in Resources */,
				B5A09AEC1649707E008042D3 /* second.png in Resources */,
				B5A09AEE1649707E008042D3 /* second@2x.png in Resources */,
			);
			runOnlyForDeploymentPostprocessing = 0;
		};
/* End PBXResourcesBuildPhase section */

/* Begin PBXSourcesBuildPhase section */
		B5A09AC41649707E008042D3 /* Sources */ = {
			isa = PBXSourcesBuildPhase;
			buildActionMask = 2147483647;
			files = (
				B5A09AD91649707E008042D3 /* main.m in Sources */,
				B5A09ADD1649707E008042D3 /* MADAppDelegate.m in Sources */,
				B5A09AE31649707E008042D3 /* MADFirstViewController.m in Sources */,
				B5A09AEA1649707E008042D3 /* MADSecondViewController.m in Sources */,
				B5A09AF616497520008042D3 /* GamesViewController.m in Sources */,
				B5A09AF916497B16008042D3 /* ScoreViewController.m in Sources */,
				B55BBF62164C128400A1EE1D /* GameDetailsViewController.m in Sources */,
			);
			runOnlyForDeploymentPostprocessing = 0;
		};
/* End PBXSourcesBuildPhase section */

/* Begin PBXVariantGroup section */
		B5A09AD51649707E008042D3 /* InfoPlist.strings */ = {
			isa = PBXVariantGroup;
			children = (
				B5A09AD61649707E008042D3 /* en */,
			);
			name = InfoPlist.strings;
			sourceTree = "<group>";
		};
		B5A09ADE1649707E008042D3 /* MainStoryboard.storyboard */ = {
			isa = PBXVariantGroup;
			children = (
				B5A09ADF1649707E008042D3 /* en */,
			);
			name = MainStoryboard.storyboard;
			sourceTree = "<group>";
		};
/* End PBXVariantGroup section */

/* Begin XCBuildConfiguration section */
		B5A09AEF1649707E008042D3 /* Debug */ = {
			isa = XCBuildConfiguration;
			buildSettings = {
				ALWAYS_SEARCH_USER_PATHS = NO;
				ARCHS = "$(ARCHS_STANDARD_32_BIT)";
				CLANG_CXX_LANGUAGE_STANDARD = "gnu++0x";
				CLANG_ENABLE_OBJC_ARC = YES;
				CLANG_WARN__DUPLICATE_METHOD_MATCH = YES;
				"CODE_SIGN_IDENTITY[sdk=iphoneos*]" = "iPhone Developer";
				COPY_PHASE_STRIP = NO;
				GCC_C_LANGUAGE_STANDARD = gnu99;
				GCC_DYNAMIC_NO_PIC = NO;
				GCC_OPTIMIZATION_LEVEL = 0;
				GCC_PREPROCESSOR_DEFINITIONS = (
					"DEBUG=1",
					"$(inherited)",
				);
				GCC_SYMBOLS_PRIVATE_EXTERN = NO;
				GCC_VERSION = com.apple.compilers.llvm.clang.1_0;
				GCC_WARN_ABOUT_RETURN_TYPE = YES;
				GCC_WARN_UNINITIALIZED_AUTOS = YES;
				GCC_WARN_UNUSED_VARIABLE = YES;
				IPHONEOS_DEPLOYMENT_TARGET = 5.1;
				SDKROOT = iphoneos;
			};
			name = Debug;
		};
		B5A09AF01649707E008042D3 /* Release */ = {
			isa = XCBuildConfiguration;
			buildSettings = {
				ALWAYS_SEARCH_USER_PATHS = NO;
				ARCHS = "$(ARCHS_STANDARD_32_BIT)";
				CLANG_CXX_LANGUAGE_STANDARD = "gnu++0x";
				CLANG_ENABLE_OBJC_ARC = YES;
				CLANG_WARN__DUPLICATE_METHOD_MATCH = YES;
				"CODE_SIGN_IDENTITY[sdk=iphoneos*]" = "iPhone Developer";
				COPY_PHASE_STRIP = YES;
				GCC_C_LANGUAGE_STANDARD = gnu99;
				GCC_VERSION = com.apple.compilers.llvm.clang.1_0;
				GCC_WARN_ABOUT_RETURN_TYPE = YES;
				GCC_WARN_UNINITIALIZED_AUTOS = YES;
				GCC_WARN_UNUSED_VARIABLE = YES;
				IPHONEOS_DEPLOYMENT_TARGET = 5.1;
				OTHER_CFLAGS = "-DNS_BLOCK_ASSERTIONS=1";
				SDKROOT = iphoneos;
				VALIDATE_PRODUCT = YES;
			};
			name = Release;
		};
		B5A09AF21649707E008042D3 /* Debug */ = {
			isa = XCBuildConfiguration;
			buildSettings = {
				GCC_PRECOMPILE_PREFIX_HEADER = YES;
				GCC_PREFIX_HEADER = "GameScores/GameScores-Prefix.pch";
				INFOPLIST_FILE = "GameScores/GameScores-Info.plist";
				PRODUCT_NAME = "$(TARGET_NAME)";
				WRAPPER_EXTENSION = app;
			};
			name = Debug;
		};
		B5A09AF31649707E008042D3 /* Release */ = {
			isa = XCBuildConfiguration;
			buildSettings = {
				GCC_PRECOMPILE_PREFIX_HEADER = YES;
				GCC_PREFIX_HEADER = "GameScores/GameScores-Prefix.pch";
				INFOPLIST_FILE = "GameScores/GameScores-Info.plist";
				PRODUCT_NAME = "$(TARGET_NAME)";
				WRAPPER_EXTENSION = app;
			};
			name = Release;
		};
/* End XCBuildConfiguration section */

/* Begin XCConfigurationList section */
		B5A09AC21649707E008042D3 /* Build configuration list for PBXProject "GameScores" */ = {
			isa = XCConfigurationList;
			buildConfigurations = (
				B5A09AEF1649707E008042D3 /* Debug */,
				B5A09AF01649707E008042D3 /* Release */,
			);
			defaultConfigurationIsVisible = 0;
			defaultConfigurationName = Release;
		};
		B5A09AF11649707E008042D3 /* Build configuration list for PBXNativeTarget "GameScores" */ = {
			isa = XCConfigurationList;
			buildConfigurations = (
				B5A09AF21649707E008042D3 /* Debug */,
				B5A09AF31649707E008042D3 /* Release */,
			);
			defaultConfigurationIsVisible = 0;
			defaultConfigurationName = Release;
		};
/* End XCConfigurationList section */
	};
	rootObject = B5A09ABF1649707E008042D3 /* Project object */;
}
