// !$*UTF8*$!
{
	archiveVersion = 1;
	classes = {
	};
	objectVersion = 46;
	objects = {

/* Begin PBXBuildFile section */
		B51FF90E16271E1D00A8E4C6 /* UIKit.framework in Frameworks */ = {isa = PBXBuildFile; fileRef = B51FF90D16271E1D00A8E4C6 /* UIKit.framework */; };
		B51FF91016271E1D00A8E4C6 /* Foundation.framework in Frameworks */ = {isa = PBXBuildFile; fileRef = B51FF90F16271E1D00A8E4C6 /* Foundation.framework */; };
		B51FF91216271E1D00A8E4C6 /* CoreGraphics.framework in Frameworks */ = {isa = PBXBuildFile; fileRef = B51FF91116271E1D00A8E4C6 /* CoreGraphics.framework */; };
		B51FF91816271E1D00A8E4C6 /* InfoPlist.strings in Resources */ = {isa = PBXBuildFile; fileRef = B51FF91616271E1D00A8E4C6 /* InfoPlist.strings */; };
		B51FF91A16271E1D00A8E4C6 /* main.m in Sources */ = {isa = PBXBuildFile; fileRef = B51FF91916271E1D00A8E4C6 /* main.m */; };
		B51FF91E16271E1D00A8E4C6 /* MADAppDelegate.m in Sources */ = {isa = PBXBuildFile; fileRef = B51FF91D16271E1D00A8E4C6 /* MADAppDelegate.m */; };
		B51FF92116271E1D00A8E4C6 /* MADViewController.m in Sources */ = {isa = PBXBuildFile; fileRef = B51FF92016271E1D00A8E4C6 /* MADViewController.m */; };
		B51FF92416271E1D00A8E4C6 /* MADViewController.xib in Resources */ = {isa = PBXBuildFile; fileRef = B51FF92216271E1D00A8E4C6 /* MADViewController.xib */; };
		B51FF92D162722BA00A8E4C6 /* InfoViewController.m in Sources */ = {isa = PBXBuildFile; fileRef = B51FF92B162722BA00A8E4C6 /* InfoViewController.m */; };
		B51FF92E162722BA00A8E4C6 /* InfoViewController.xib in Resources */ = {isa = PBXBuildFile; fileRef = B51FF92C162722BA00A8E4C6 /* InfoViewController.xib */; };
		B58EE291162DB0FC0003FE11 /* Favorite.m in Sources */ = {isa = PBXBuildFile; fileRef = B58EE290162DB0FC0003FE11 /* Favorite.m */; };
/* End PBXBuildFile section */

/* Begin PBXFileReference section */
		B51FF90916271E1D00A8E4C6 /* Favorites.app */ = {isa = PBXFileReference; explicitFileType = wrapper.application; includeInIndex = 0; path = Favorites.app; sourceTree = BUILT_PRODUCTS_DIR; };
		B51FF90D16271E1D00A8E4C6 /* UIKit.framework */ = {isa = PBXFileReference; lastKnownFileType = wrapper.framework; name = UIKit.framework; path = System/Library/Frameworks/UIKit.framework; sourceTree = SDKROOT; };
		B51FF90F16271E1D00A8E4C6 /* Foundation.framework */ = {isa = PBXFileReference; lastKnownFileType = wrapper.framework; name = Foundation.framework; path = System/Library/Frameworks/Foundation.framework; sourceTree = SDKROOT; };
		B51FF91116271E1D00A8E4C6 /* CoreGraphics.framework */ = {isa = PBXFileReference; lastKnownFileType = wrapper.framework; name = CoreGraphics.framework; path = System/Library/Frameworks/CoreGraphics.framework; sourceTree = SDKROOT; };
		B51FF91516271E1D00A8E4C6 /* Favorites-Info.plist */ = {isa = PBXFileReference; lastKnownFileType = text.plist.xml; path = "Favorites-Info.plist"; sourceTree = "<group>"; };
		B51FF91716271E1D00A8E4C6 /* en */ = {isa = PBXFileReference; lastKnownFileType = text.plist.strings; name = en; path = en.lproj/InfoPlist.strings; sourceTree = "<group>"; };
		B51FF91916271E1D00A8E4C6 /* main.m */ = {isa = PBXFileReference; lastKnownFileType = sourcecode.c.objc; path = main.m; sourceTree = "<group>"; };
		B51FF91B16271E1D00A8E4C6 /* Favorites-Prefix.pch */ = {isa = PBXFileReference; lastKnownFileType = sourcecode.c.h; path = "Favorites-Prefix.pch"; sourceTree = "<group>"; };
		B51FF91C16271E1D00A8E4C6 /* MADAppDelegate.h */ = {isa = PBXFileReference; lastKnownFileType = sourcecode.c.h; path = MADAppDelegate.h; sourceTree = "<group>"; };
		B51FF91D16271E1D00A8E4C6 /* MADAppDelegate.m */ = {isa = PBXFileReference; lastKnownFileType = sourcecode.c.objc; path = MADAppDelegate.m; sourceTree = "<group>"; };
		B51FF91F16271E1D00A8E4C6 /* MADViewController.h */ = {isa = PBXFileReference; lastKnownFileType = sourcecode.c.h; path = MADViewController.h; sourceTree = "<group>"; };
		B51FF92016271E1D00A8E4C6 /* MADViewController.m */ = {isa = PBXFileReference; lastKnownFileType = sourcecode.c.objc; path = MADViewController.m; sourceTree = "<group>"; };
		B51FF92316271E1D00A8E4C6 /* en */ = {isa = PBXFileReference; lastKnownFileType = file.xib; name = en; path = en.lproj/MADViewController.xib; sourceTree = "<group>"; };
		B51FF92A162722BA00A8E4C6 /* InfoViewController.h */ = {isa = PBXFileReference; fileEncoding = 4; lastKnownFileType = sourcecode.c.h; path = InfoViewController.h; sourceTree = "<group>"; };
		B51FF92B162722BA00A8E4C6 /* InfoViewController.m */ = {isa = PBXFileReference; fileEncoding = 4; lastKnownFileType = sourcecode.c.objc; path = InfoViewController.m; sourceTree = "<group>"; };
		B51FF92C162722BA00A8E4C6 /* InfoViewController.xib */ = {isa = PBXFileReference; fileEncoding = 4; lastKnownFileType = file.xib; path = InfoViewController.xib; sourceTree = "<group>"; };
		B58EE28F162DB0FC0003FE11 /* Favorite.h */ = {isa = PBXFileReference; fileEncoding = 4; lastKnownFileType = sourcecode.c.h; path = Favorite.h; sourceTree = "<group>"; };
		B58EE290162DB0FC0003FE11 /* Favorite.m */ = {isa = PBXFileReference; fileEncoding = 4; lastKnownFileType = sourcecode.c.objc; path = Favorite.m; sourceTree = "<group>"; };
/* End PBXFileReference section */

/* Begin PBXFrameworksBuildPhase section */
		B51FF90616271E1D00A8E4C6 /* Frameworks */ = {
			isa = PBXFrameworksBuildPhase;
			buildActionMask = 2147483647;
			files = (
				B51FF90E16271E1D00A8E4C6 /* UIKit.framework in Frameworks */,
				B51FF91016271E1D00A8E4C6 /* Foundation.framework in Frameworks */,
				B51FF91216271E1D00A8E4C6 /* CoreGraphics.framework in Frameworks */,
			);
			runOnlyForDeploymentPostprocessing = 0;
		};
/* End PBXFrameworksBuildPhase section */

/* Begin PBXGroup section */
		B51FF8FE16271E1D00A8E4C6 = {
			isa = PBXGroup;
			children = (
				B51FF91316271E1D00A8E4C6 /* Favorites */,
				B51FF90C16271E1D00A8E4C6 /* Frameworks */,
				B51FF90A16271E1D00A8E4C6 /* Products */,
			);
			sourceTree = "<group>";
		};
		B51FF90A16271E1D00A8E4C6 /* Products */ = {
			isa = PBXGroup;
			children = (
				B51FF90916271E1D00A8E4C6 /* Favorites.app */,
			);
			name = Products;
			sourceTree = "<group>";
		};
		B51FF90C16271E1D00A8E4C6 /* Frameworks */ = {
			isa = PBXGroup;
			children = (
				B51FF90D16271E1D00A8E4C6 /* UIKit.framework */,
				B51FF90F16271E1D00A8E4C6 /* Foundation.framework */,
				B51FF91116271E1D00A8E4C6 /* CoreGraphics.framework */,
			);
			name = Frameworks;
			sourceTree = "<group>";
		};
		B51FF91316271E1D00A8E4C6 /* Favorites */ = {
			isa = PBXGroup;
			children = (
				B51FF91C16271E1D00A8E4C6 /* MADAppDelegate.h */,
				B51FF91D16271E1D00A8E4C6 /* MADAppDelegate.m */,
				B51FF91F16271E1D00A8E4C6 /* MADViewController.h */,
				B51FF92016271E1D00A8E4C6 /* MADViewController.m */,
				B51FF92A162722BA00A8E4C6 /* InfoViewController.h */,
				B51FF92B162722BA00A8E4C6 /* InfoViewController.m */,
				B58EE28F162DB0FC0003FE11 /* Favorite.h */,
				B58EE290162DB0FC0003FE11 /* Favorite.m */,
				B51FF92C162722BA00A8E4C6 /* InfoViewController.xib */,
				B51FF92216271E1D00A8E4C6 /* MADViewController.xib */,
				B51FF91416271E1D00A8E4C6 /* Supporting Files */,
			);
			path = Favorites;
			sourceTree = "<group>";
		};
		B51FF91416271E1D00A8E4C6 /* Supporting Files */ = {
			isa = PBXGroup;
			children = (
				B51FF91516271E1D00A8E4C6 /* Favorites-Info.plist */,
				B51FF91616271E1D00A8E4C6 /* InfoPlist.strings */,
				B51FF91916271E1D00A8E4C6 /* main.m */,
				B51FF91B16271E1D00A8E4C6 /* Favorites-Prefix.pch */,
			);
			name = "Supporting Files";
			sourceTree = "<group>";
		};
/* End PBXGroup section */

/* Begin PBXNativeTarget section */
		B51FF90816271E1D00A8E4C6 /* Favorites */ = {
			isa = PBXNativeTarget;
			buildConfigurationList = B51FF92716271E1D00A8E4C6 /* Build configuration list for PBXNativeTarget "Favorites" */;
			buildPhases = (
				B51FF90516271E1D00A8E4C6 /* Sources */,
				B51FF90616271E1D00A8E4C6 /* Frameworks */,
				B51FF90716271E1D00A8E4C6 /* Resources */,
			);
			buildRules = (
			);
			dependencies = (
			);
			name = Favorites;
			productName = Favorites;
			productReference = B51FF90916271E1D00A8E4C6 /* Favorites.app */;
			productType = "com.apple.product-type.application";
		};
/* End PBXNativeTarget section */

/* Begin PBXProject section */
		B51FF90016271E1D00A8E4C6 /* Project object */ = {
			isa = PBXProject;
			attributes = {
				CLASSPREFIX = MAD;
				LastUpgradeCheck = 0440;
				ORGANIZATIONNAME = "Ben Leduc-Mills";
			};
			buildConfigurationList = B51FF90316271E1D00A8E4C6 /* Build configuration list for PBXProject "Favorites" */;
			compatibilityVersion = "Xcode 3.2";
			developmentRegion = English;
			hasScannedForEncodings = 0;
			knownRegions = (
				en,
			);
			mainGroup = B51FF8FE16271E1D00A8E4C6;
			productRefGroup = B51FF90A16271E1D00A8E4C6 /* Products */;
			projectDirPath = "";
			projectRoot = "";
			targets = (
				B51FF90816271E1D00A8E4C6 /* Favorites */,
			);
		};
/* End PBXProject section */

/* Begin PBXResourcesBuildPhase section */
		B51FF90716271E1D00A8E4C6 /* Resources */ = {
			isa = PBXResourcesBuildPhase;
			buildActionMask = 2147483647;
			files = (
				B51FF91816271E1D00A8E4C6 /* InfoPlist.strings in Resources */,
				B51FF92416271E1D00A8E4C6 /* MADViewController.xib in Resources */,
				B51FF92E162722BA00A8E4C6 /* InfoViewController.xib in Resources */,
			);
			runOnlyForDeploymentPostprocessing = 0;
		};
/* End PBXResourcesBuildPhase section */

/* Begin PBXSourcesBuildPhase section */
		B51FF90516271E1D00A8E4C6 /* Sources */ = {
			isa = PBXSourcesBuildPhase;
			buildActionMask = 2147483647;
			files = (
				B51FF91A16271E1D00A8E4C6 /* main.m in Sources */,
				B51FF91E16271E1D00A8E4C6 /* MADAppDelegate.m in Sources */,
				B51FF92116271E1D00A8E4C6 /* MADViewController.m in Sources */,
				B51FF92D162722BA00A8E4C6 /* InfoViewController.m in Sources */,
				B58EE291162DB0FC0003FE11 /* Favorite.m in Sources */,
			);
			runOnlyForDeploymentPostprocessing = 0;
		};
/* End PBXSourcesBuildPhase section */

/* Begin PBXVariantGroup section */
		B51FF91616271E1D00A8E4C6 /* InfoPlist.strings */ = {
			isa = PBXVariantGroup;
			children = (
				B51FF91716271E1D00A8E4C6 /* en */,
			);
			name = InfoPlist.strings;
			sourceTree = "<group>";
		};
		B51FF92216271E1D00A8E4C6 /* MADViewController.xib */ = {
			isa = PBXVariantGroup;
			children = (
				B51FF92316271E1D00A8E4C6 /* en */,
			);
			name = MADViewController.xib;
			sourceTree = "<group>";
		};
/* End PBXVariantGroup section */

/* Begin XCBuildConfiguration section */
		B51FF92516271E1D00A8E4C6 /* Debug */ = {
			isa = XCBuildConfiguration;
			buildSettings = {
				ALWAYS_SEARCH_USER_PATHS = NO;
				ARCHS = "$(ARCHS_STANDARD_32_BIT)";
				CLANG_CXX_LANGUAGE_STANDARD = "gnu++0x";
				CLANG_ENABLE_OBJC_ARC = YES;
				CLANG_WARN__DUPLICATE_METHOD_MATCH = YES;
				"CODE_SIGN_IDENTITY[sdk=iphoneos*]" = "iPhone Developer";
				COPY_PHASE_STRIP = NO;
				GCC_C_LANGUAGE_STANDARD = gnu99;
				GCC_DYNAMIC_NO_PIC = NO;
				GCC_OPTIMIZATION_LEVEL = 0;
				GCC_PREPROCESSOR_DEFINITIONS = (
					"DEBUG=1",
					"$(inherited)",
				);
				GCC_SYMBOLS_PRIVATE_EXTERN = NO;
				GCC_VERSION = com.apple.compilers.llvm.clang.1_0;
				GCC_WARN_ABOUT_RETURN_TYPE = YES;
				GCC_WARN_UNINITIALIZED_AUTOS = YES;
				GCC_WARN_UNUSED_VARIABLE = YES;
				IPHONEOS_DEPLOYMENT_TARGET = 5.1;
				SDKROOT = iphoneos;
			};
			name = Debug;
		};
		B51FF92616271E1D00A8E4C6 /* Release */ = {
			isa = XCBuildConfiguration;
			buildSettings = {
				ALWAYS_SEARCH_USER_PATHS = NO;
				ARCHS = "$(ARCHS_STANDARD_32_BIT)";
				CLANG_CXX_LANGUAGE_STANDARD = "gnu++0x";
				CLANG_ENABLE_OBJC_ARC = YES;
				CLANG_WARN__DUPLICATE_METHOD_MATCH = YES;
				"CODE_SIGN_IDENTITY[sdk=iphoneos*]" = "iPhone Developer";
				COPY_PHASE_STRIP = YES;
				GCC_C_LANGUAGE_STANDARD = gnu99;
				GCC_VERSION = com.apple.compilers.llvm.clang.1_0;
				GCC_WARN_ABOUT_RETURN_TYPE = YES;
				GCC_WARN_UNINITIALIZED_AUTOS = YES;
				GCC_WARN_UNUSED_VARIABLE = YES;
				IPHONEOS_DEPLOYMENT_TARGET = 5.1;
				OTHER_CFLAGS = "-DNS_BLOCK_ASSERTIONS=1";
				SDKROOT = iphoneos;
				VALIDATE_PRODUCT = YES;
			};
			name = Release;
		};
		B51FF92816271E1D00A8E4C6 /* Debug */ = {
			isa = XCBuildConfiguration;
			buildSettings = {
				GCC_PRECOMPILE_PREFIX_HEADER = YES;
				GCC_PREFIX_HEADER = "Favorites/Favorites-Prefix.pch";
				INFOPLIST_FILE = "Favorites/Favorites-Info.plist";
				PRODUCT_NAME = "$(TARGET_NAME)";
				WRAPPER_EXTENSION = app;
			};
			name = Debug;
		};
		B51FF92916271E1D00A8E4C6 /* Release */ = {
			isa = XCBuildConfiguration;
			buildSettings = {
				GCC_PRECOMPILE_PREFIX_HEADER = YES;
				GCC_PREFIX_HEADER = "Favorites/Favorites-Prefix.pch";
				INFOPLIST_FILE = "Favorites/Favorites-Info.plist";
				PRODUCT_NAME = "$(TARGET_NAME)";
				WRAPPER_EXTENSION = app;
			};
			name = Release;
		};
/* End XCBuildConfiguration section */

/* Begin XCConfigurationList section */
		B51FF90316271E1D00A8E4C6 /* Build configuration list for PBXProject "Favorites" */ = {
			isa = XCConfigurationList;
			buildConfigurations = (
				B51FF92516271E1D00A8E4C6 /* Debug */,
				B51FF92616271E1D00A8E4C6 /* Release */,
			);
			defaultConfigurationIsVisible = 0;
			defaultConfigurationName = Release;
		};
		B51FF92716271E1D00A8E4C6 /* Build configuration list for PBXNativeTarget "Favorites" */ = {
			isa = XCConfigurationList;
			buildConfigurations = (
				B51FF92816271E1D00A8E4C6 /* Debug */,
				B51FF92916271E1D00A8E4C6 /* Release */,
			);
			defaultConfigurationIsVisible = 0;
			defaultConfigurationName = Release;
		};
/* End XCConfigurationList section */
	};
	rootObject = B51FF90016271E1D00A8E4C6 /* Project object */;
}
