// !$*UTF8*$!
{
	archiveVersion = 1;
	classes = {
	};
	objectVersion = 46;
	objects = {

/* Begin PBXBuildFile section */
		B5677E8F1602317400FCDC4F /* UIKit.framework in Frameworks */ = {isa = PBXBuildFile; fileRef = B5677E8E1602317400FCDC4F /* UIKit.framework */; };
		B5677E911602317400FCDC4F /* Foundation.framework in Frameworks */ = {isa = PBXBuildFile; fileRef = B5677E901602317400FCDC4F /* Foundation.framework */; };
		B5677E931602317400FCDC4F /* CoreGraphics.framework in Frameworks */ = {isa = PBXBuildFile; fileRef = B5677E921602317400FCDC4F /* CoreGraphics.framework */; };
		B5677E991602317400FCDC4F /* InfoPlist.strings in Resources */ = {isa = PBXBuildFile; fileRef = B5677E971602317400FCDC4F /* InfoPlist.strings */; };
		B5677E9B1602317400FCDC4F /* main.m in Sources */ = {isa = PBXBuildFile; fileRef = B5677E9A1602317400FCDC4F /* main.m */; };
		B5677E9F1602317400FCDC4F /* MADAppDelegate.m in Sources */ = {isa = PBXBuildFile; fileRef = B5677E9E1602317400FCDC4F /* MADAppDelegate.m */; };
		B5677EA21602317400FCDC4F /* MADViewController.m in Sources */ = {isa = PBXBuildFile; fileRef = B5677EA11602317400FCDC4F /* MADViewController.m */; };
		B5677EA51602317400FCDC4F /* MADViewController.xib in Resources */ = {isa = PBXBuildFile; fileRef = B5677EA31602317400FCDC4F /* MADViewController.xib */; };
		B5677EB21602322800FCDC4F /* Beatles_Abbey_Road.png in Resources */ = {isa = PBXBuildFile; fileRef = B5677EAD1602322700FCDC4F /* Beatles_Abbey_Road.png */; };
		B5677EB31602322800FCDC4F /* beatles1.png in Resources */ = {isa = PBXBuildFile; fileRef = B5677EAE1602322700FCDC4F /* beatles1.png */; };
		B5677EB41602322800FCDC4F /* beatles2.png in Resources */ = {isa = PBXBuildFile; fileRef = B5677EAF1602322800FCDC4F /* beatles2.png */; };
		B5677EB6160232B500FCDC4F /* Beatles_Abbey_Road_icon.png in Resources */ = {isa = PBXBuildFile; fileRef = B5677EB5160232B500FCDC4F /* Beatles_Abbey_Road_icon.png */; };
		B5677EB8160232BC00FCDC4F /* Beatles_Abbey_Road_icon@2x.png in Resources */ = {isa = PBXBuildFile; fileRef = B5677EB7160232BC00FCDC4F /* Beatles_Abbey_Road_icon@2x.png */; };
		B5912E38166E641A00AAB86A /* main.m in Sources */ = {isa = PBXBuildFile; fileRef = B5677E9A1602317400FCDC4F /* main.m */; };
		B5912E39166E641A00AAB86A /* MADAppDelegate.m in Sources */ = {isa = PBXBuildFile; fileRef = B5677E9E1602317400FCDC4F /* MADAppDelegate.m */; };
		B5912E3A166E641A00AAB86A /* MADViewController.m in Sources */ = {isa = PBXBuildFile; fileRef = B5677EA11602317400FCDC4F /* MADViewController.m */; };
		B5912E3C166E641A00AAB86A /* UIKit.framework in Frameworks */ = {isa = PBXBuildFile; fileRef = B5677E8E1602317400FCDC4F /* UIKit.framework */; };
		B5912E3D166E641A00AAB86A /* Foundation.framework in Frameworks */ = {isa = PBXBuildFile; fileRef = B5677E901602317400FCDC4F /* Foundation.framework */; };
		B5912E3E166E641A00AAB86A /* CoreGraphics.framework in Frameworks */ = {isa = PBXBuildFile; fileRef = B5677E921602317400FCDC4F /* CoreGraphics.framework */; };
		B5912E40166E641A00AAB86A /* InfoPlist.strings in Resources */ = {isa = PBXBuildFile; fileRef = B5677E971602317400FCDC4F /* InfoPlist.strings */; };
		B5912E42166E641A00AAB86A /* Beatles_Abbey_Road.png in Resources */ = {isa = PBXBuildFile; fileRef = B5677EAD1602322700FCDC4F /* Beatles_Abbey_Road.png */; };
		B5912E43166E641A00AAB86A /* beatles1.png in Resources */ = {isa = PBXBuildFile; fileRef = B5677EAE1602322700FCDC4F /* beatles1.png */; };
		B5912E44166E641A00AAB86A /* beatles2.png in Resources */ = {isa = PBXBuildFile; fileRef = B5677EAF1602322800FCDC4F /* beatles2.png */; };
		B5912E45166E641A00AAB86A /* Beatles_Abbey_Road_icon.png in Resources */ = {isa = PBXBuildFile; fileRef = B5677EB5160232B500FCDC4F /* Beatles_Abbey_Road_icon.png */; };
		B5912E46166E641A00AAB86A /* Beatles_Abbey_Road_icon@2x.png in Resources */ = {isa = PBXBuildFile; fileRef = B5677EB7160232BC00FCDC4F /* Beatles_Abbey_Road_icon@2x.png */; };
		B5912E50166E641C00AAB86A /* MADViewController.xib in Resources */ = {isa = PBXBuildFile; fileRef = B5912E4E166E641C00AAB86A /* MADViewController.xib */; };
/* End PBXBuildFile section */

/* Begin PBXFileReference section */
		B5677E8A1602317400FCDC4F /* beatles.app */ = {isa = PBXFileReference; explicitFileType = wrapper.application; includeInIndex = 0; path = beatles.app; sourceTree = BUILT_PRODUCTS_DIR; };
		B5677E8E1602317400FCDC4F /* UIKit.framework */ = {isa = PBXFileReference; lastKnownFileType = wrapper.framework; name = UIKit.framework; path = System/Library/Frameworks/UIKit.framework; sourceTree = SDKROOT; };
		B5677E901602317400FCDC4F /* Foundation.framework */ = {isa = PBXFileReference; lastKnownFileType = wrapper.framework; name = Foundation.framework; path = System/Library/Frameworks/Foundation.framework; sourceTree = SDKROOT; };
		B5677E921602317400FCDC4F /* CoreGraphics.framework */ = {isa = PBXFileReference; lastKnownFileType = wrapper.framework; name = CoreGraphics.framework; path = System/Library/Frameworks/CoreGraphics.framework; sourceTree = SDKROOT; };
		B5677E961602317400FCDC4F /* beatles-Info.plist */ = {isa = PBXFileReference; lastKnownFileType = text.plist.xml; path = "beatles-Info.plist"; sourceTree = "<group>"; };
		B5677E981602317400FCDC4F /* en */ = {isa = PBXFileReference; lastKnownFileType = text.plist.strings; name = en; path = en.lproj/InfoPlist.strings; sourceTree = "<group>"; };
		B5677E9A1602317400FCDC4F /* main.m */ = {isa = PBXFileReference; lastKnownFileType = sourcecode.c.objc; path = main.m; sourceTree = "<group>"; };
		B5677E9C1602317400FCDC4F /* beatles-Prefix.pch */ = {isa = PBXFileReference; lastKnownFileType = sourcecode.c.h; path = "beatles-Prefix.pch"; sourceTree = "<group>"; };
		B5677E9D1602317400FCDC4F /* MADAppDelegate.h */ = {isa = PBXFileReference; lastKnownFileType = sourcecode.c.h; path = MADAppDelegate.h; sourceTree = "<group>"; };
		B5677E9E1602317400FCDC4F /* MADAppDelegate.m */ = {isa = PBXFileReference; lastKnownFileType = sourcecode.c.objc; path = MADAppDelegate.m; sourceTree = "<group>"; };
		B5677EA01602317400FCDC4F /* MADViewController.h */ = {isa = PBXFileReference; lastKnownFileType = sourcecode.c.h; path = MADViewController.h; sourceTree = "<group>"; };
		B5677EA11602317400FCDC4F /* MADViewController.m */ = {isa = PBXFileReference; lastKnownFileType = sourcecode.c.objc; path = MADViewController.m; sourceTree = "<group>"; };
		B5677EA41602317400FCDC4F /* en */ = {isa = PBXFileReference; lastKnownFileType = file.xib; name = en; path = en.lproj/MADViewController.xib; sourceTree = "<group>"; };
		B5677EAD1602322700FCDC4F /* Beatles_Abbey_Road.png */ = {isa = PBXFileReference; lastKnownFileType = image.png; path = Beatles_Abbey_Road.png; sourceTree = "<group>"; };
		B5677EAE1602322700FCDC4F /* beatles1.png */ = {isa = PBXFileReference; lastKnownFileType = image.png; path = beatles1.png; sourceTree = "<group>"; };
		B5677EAF1602322800FCDC4F /* beatles2.png */ = {isa = PBXFileReference; lastKnownFileType = image.png; path = beatles2.png; sourceTree = "<group>"; };
		B5677EB5160232B500FCDC4F /* Beatles_Abbey_Road_icon.png */ = {isa = PBXFileReference; lastKnownFileType = image.png; name = Beatles_Abbey_Road_icon.png; path = ../Beatles_Abbey_Road_icon.png; sourceTree = "<group>"; };
		B5677EB7160232BC00FCDC4F /* Beatles_Abbey_Road_icon@2x.png */ = {isa = PBXFileReference; lastKnownFileType = image.png; name = "Beatles_Abbey_Road_icon@2x.png"; path = "../Beatles_Abbey_Road_icon@2x.png"; sourceTree = "<group>"; };
		B5912E4A166E641A00AAB86A /* beatles-iPad.app */ = {isa = PBXFileReference; explicitFileType = wrapper.application; includeInIndex = 0; path = "beatles-iPad.app"; sourceTree = BUILT_PRODUCTS_DIR; };
		B5912E4D166E641B00AAB86A /* beatles copy-Info.plist */ = {isa = PBXFileReference; lastKnownFileType = text.plist.xml; name = "beatles copy-Info.plist"; path = "/Users/ben/Documents/MAD/class-labs/leduc_mills/beatles/beatles copy-Info.plist"; sourceTree = "<absolute>"; };
		B5912E4F166E641C00AAB86A /* en */ = {isa = PBXFileReference; lastKnownFileType = file.xib; name = en; path = "Resources-iPad/beatles/en.lproj/MADViewController.xib"; sourceTree = "<group>"; };
/* End PBXFileReference section */

/* Begin PBXFrameworksBuildPhase section */
		B5677E871602317400FCDC4F /* Frameworks */ = {
			isa = PBXFrameworksBuildPhase;
			buildActionMask = 2147483647;
			files = (
				B5677E8F1602317400FCDC4F /* UIKit.framework in Frameworks */,
				B5677E911602317400FCDC4F /* Foundation.framework in Frameworks */,
				B5677E931602317400FCDC4F /* CoreGraphics.framework in Frameworks */,
			);
			runOnlyForDeploymentPostprocessing = 0;
		};
		B5912E3B166E641A00AAB86A /* Frameworks */ = {
			isa = PBXFrameworksBuildPhase;
			buildActionMask = 2147483647;
			files = (
				B5912E3C166E641A00AAB86A /* UIKit.framework in Frameworks */,
				B5912E3D166E641A00AAB86A /* Foundation.framework in Frameworks */,
				B5912E3E166E641A00AAB86A /* CoreGraphics.framework in Frameworks */,
			);
			runOnlyForDeploymentPostprocessing = 0;
		};
/* End PBXFrameworksBuildPhase section */

/* Begin PBXGroup section */
		B5677E7F1602317400FCDC4F = {
			isa = PBXGroup;
			children = (
				B5912E4C166E641B00AAB86A /* Resources-iPad */,
				B5677E941602317400FCDC4F /* beatles */,
				B5677E8D1602317400FCDC4F /* Frameworks */,
				B5677E8B1602317400FCDC4F /* Products */,
				B5912E4D166E641B00AAB86A /* beatles copy-Info.plist */,
			);
			sourceTree = "<group>";
		};
		B5677E8B1602317400FCDC4F /* Products */ = {
			isa = PBXGroup;
			children = (
				B5677E8A1602317400FCDC4F /* beatles.app */,
				B5912E4A166E641A00AAB86A /* beatles-iPad.app */,
			);
			name = Products;
			sourceTree = "<group>";
		};
		B5677E8D1602317400FCDC4F /* Frameworks */ = {
			isa = PBXGroup;
			children = (
				B5677E8E1602317400FCDC4F /* UIKit.framework */,
				B5677E901602317400FCDC4F /* Foundation.framework */,
				B5677E921602317400FCDC4F /* CoreGraphics.framework */,
			);
			name = Frameworks;
			sourceTree = "<group>";
		};
		B5677E941602317400FCDC4F /* beatles */ = {
			isa = PBXGroup;
			children = (
				B5677E9D1602317400FCDC4F /* MADAppDelegate.h */,
				B5677E9E1602317400FCDC4F /* MADAppDelegate.m */,
				B5677EA01602317400FCDC4F /* MADViewController.h */,
				B5677EA11602317400FCDC4F /* MADViewController.m */,
				B5677EA31602317400FCDC4F /* MADViewController.xib */,
				B5677E951602317400FCDC4F /* Supporting Files */,
			);
			path = beatles;
			sourceTree = "<group>";
		};
		B5677E951602317400FCDC4F /* Supporting Files */ = {
			isa = PBXGroup;
			children = (
				B5677EB7160232BC00FCDC4F /* Beatles_Abbey_Road_icon@2x.png */,
				B5677EB5160232B500FCDC4F /* Beatles_Abbey_Road_icon.png */,
				B5677EAD1602322700FCDC4F /* Beatles_Abbey_Road.png */,
				B5677EAE1602322700FCDC4F /* beatles1.png */,
				B5677EAF1602322800FCDC4F /* beatles2.png */,
				B5677E961602317400FCDC4F /* beatles-Info.plist */,
				B5677E971602317400FCDC4F /* InfoPlist.strings */,
				B5677E9A1602317400FCDC4F /* main.m */,
				B5677E9C1602317400FCDC4F /* beatles-Prefix.pch */,
			);
			name = "Supporting Files";
			sourceTree = "<group>";
		};
		B5912E4C166E641B00AAB86A /* Resources-iPad */ = {
			isa = PBXGroup;
			children = (
				B5912E4E166E641C00AAB86A /* MADViewController.xib */,
			);
			name = "Resources-iPad";
			sourceTree = "<group>";
		};
/* End PBXGroup section */

/* Begin PBXNativeTarget section */
		B5677E891602317400FCDC4F /* beatles */ = {
			isa = PBXNativeTarget;
			buildConfigurationList = B5677EA81602317400FCDC4F /* Build configuration list for PBXNativeTarget "beatles" */;
			buildPhases = (
				B5677E861602317400FCDC4F /* Sources */,
				B5677E871602317400FCDC4F /* Frameworks */,
				B5677E881602317400FCDC4F /* Resources */,
			);
			buildRules = (
			);
			dependencies = (
			);
			name = beatles;
			productName = beatles;
			productReference = B5677E8A1602317400FCDC4F /* beatles.app */;
			productType = "com.apple.product-type.application";
		};
		B5912E36166E641A00AAB86A /* beatles-iPad */ = {
			isa = PBXNativeTarget;
			buildConfigurationList = B5912E47166E641A00AAB86A /* Build configuration list for PBXNativeTarget "beatles-iPad" */;
			buildPhases = (
				B5912E37166E641A00AAB86A /* Sources */,
				B5912E3B166E641A00AAB86A /* Frameworks */,
				B5912E3F166E641A00AAB86A /* Resources */,
			);
			buildRules = (
			);
			dependencies = (
			);
			name = "beatles-iPad";
			productName = beatles;
			productReference = B5912E4A166E641A00AAB86A /* beatles-iPad.app */;
			productType = "com.apple.product-type.application";
		};
/* End PBXNativeTarget section */

/* Begin PBXProject section */
		B5677E811602317400FCDC4F /* Project object */ = {
			isa = PBXProject;
			attributes = {
				CLASSPREFIX = MAD;
				LastUpgradeCheck = 0440;
				ORGANIZATIONNAME = "Ben Leduc-Mills";
			};
			buildConfigurationList = B5677E841602317400FCDC4F /* Build configuration list for PBXProject "beatles" */;
			compatibilityVersion = "Xcode 3.2";
			developmentRegion = English;
			hasScannedForEncodings = 0;
			knownRegions = (
				en,
			);
			mainGroup = B5677E7F1602317400FCDC4F;
			productRefGroup = B5677E8B1602317400FCDC4F /* Products */;
			projectDirPath = "";
			projectRoot = "";
			targets = (
				B5677E891602317400FCDC4F /* beatles */,
				B5912E36166E641A00AAB86A /* beatles-iPad */,
			);
		};
/* End PBXProject section */

/* Begin PBXResourcesBuildPhase section */
		B5677E881602317400FCDC4F /* Resources */ = {
			isa = PBXResourcesBuildPhase;
			buildActionMask = 2147483647;
			files = (
				B5677E991602317400FCDC4F /* InfoPlist.strings in Resources */,
				B5677EA51602317400FCDC4F /* MADViewController.xib in Resources */,
				B5677EB21602322800FCDC4F /* Beatles_Abbey_Road.png in Resources */,
				B5677EB31602322800FCDC4F /* beatles1.png in Resources */,
				B5677EB41602322800FCDC4F /* beatles2.png in Resources */,
				B5677EB6160232B500FCDC4F /* Beatles_Abbey_Road_icon.png in Resources */,
				B5677EB8160232BC00FCDC4F /* Beatles_Abbey_Road_icon@2x.png in Resources */,
			);
			runOnlyForDeploymentPostprocessing = 0;
		};
		B5912E3F166E641A00AAB86A /* Resources */ = {
			isa = PBXResourcesBuildPhase;
			buildActionMask = 2147483647;
			files = (
				B5912E40166E641A00AAB86A /* InfoPlist.strings in Resources */,
				B5912E42166E641A00AAB86A /* Beatles_Abbey_Road.png in Resources */,
				B5912E43166E641A00AAB86A /* beatles1.png in Resources */,
				B5912E44166E641A00AAB86A /* beatles2.png in Resources */,
				B5912E45166E641A00AAB86A /* Beatles_Abbey_Road_icon.png in Resources */,
				B5912E46166E641A00AAB86A /* Beatles_Abbey_Road_icon@2x.png in Resources */,
				B5912E50166E641C00AAB86A /* MADViewController.xib in Resources */,
			);
			runOnlyForDeploymentPostprocessing = 0;
		};
/* End PBXResourcesBuildPhase section */

/* Begin PBXSourcesBuildPhase section */
		B5677E861602317400FCDC4F /* Sources */ = {
			isa = PBXSourcesBuildPhase;
			buildActionMask = 2147483647;
			files = (
				B5677E9B1602317400FCDC4F /* main.m in Sources */,
				B5677E9F1602317400FCDC4F /* MADAppDelegate.m in Sources */,
				B5677EA21602317400FCDC4F /* MADViewController.m in Sources */,
			);
			runOnlyForDeploymentPostprocessing = 0;
		};
		B5912E37166E641A00AAB86A /* Sources */ = {
			isa = PBXSourcesBuildPhase;
			buildActionMask = 2147483647;
			files = (
				B5912E38166E641A00AAB86A /* main.m in Sources */,
				B5912E39166E641A00AAB86A /* MADAppDelegate.m in Sources */,
				B5912E3A166E641A00AAB86A /* MADViewController.m in Sources */,
			);
			runOnlyForDeploymentPostprocessing = 0;
		};
/* End PBXSourcesBuildPhase section */

/* Begin PBXVariantGroup section */
		B5677E971602317400FCDC4F /* InfoPlist.strings */ = {
			isa = PBXVariantGroup;
			children = (
				B5677E981602317400FCDC4F /* en */,
			);
			name = InfoPlist.strings;
			sourceTree = "<group>";
		};
		B5677EA31602317400FCDC4F /* MADViewController.xib */ = {
			isa = PBXVariantGroup;
			children = (
				B5677EA41602317400FCDC4F /* en */,
			);
			name = MADViewController.xib;
			sourceTree = "<group>";
		};
		B5912E4E166E641C00AAB86A /* MADViewController.xib */ = {
			isa = PBXVariantGroup;
			children = (
				B5912E4F166E641C00AAB86A /* en */,
			);
			name = MADViewController.xib;
			sourceTree = "<group>";
		};
/* End PBXVariantGroup section */

/* Begin XCBuildConfiguration section */
		B5677EA61602317400FCDC4F /* Debug */ = {
			isa = XCBuildConfiguration;
			buildSettings = {
				ALWAYS_SEARCH_USER_PATHS = NO;
				ARCHS = "$(ARCHS_STANDARD_32_BIT)";
				CLANG_CXX_LANGUAGE_STANDARD = "gnu++0x";
				CLANG_ENABLE_OBJC_ARC = YES;
				CLANG_WARN__DUPLICATE_METHOD_MATCH = YES;
				"CODE_SIGN_IDENTITY[sdk=iphoneos*]" = "iPhone Developer";
				COPY_PHASE_STRIP = NO;
				GCC_C_LANGUAGE_STANDARD = gnu99;
				GCC_DYNAMIC_NO_PIC = NO;
				GCC_OPTIMIZATION_LEVEL = 0;
				GCC_PREPROCESSOR_DEFINITIONS = (
					"DEBUG=1",
					"$(inherited)",
				);
				GCC_SYMBOLS_PRIVATE_EXTERN = NO;
				GCC_VERSION = com.apple.compilers.llvm.clang.1_0;
				GCC_WARN_ABOUT_RETURN_TYPE = YES;
				GCC_WARN_UNINITIALIZED_AUTOS = YES;
				GCC_WARN_UNUSED_VARIABLE = YES;
				IPHONEOS_DEPLOYMENT_TARGET = 5.1;
				SDKROOT = iphoneos;
			};
			name = Debug;
		};
		B5677EA71602317400FCDC4F /* Release */ = {
			isa = XCBuildConfiguration;
			buildSettings = {
				ALWAYS_SEARCH_USER_PATHS = NO;
				ARCHS = "$(ARCHS_STANDARD_32_BIT)";
				CLANG_CXX_LANGUAGE_STANDARD = "gnu++0x";
				CLANG_ENABLE_OBJC_ARC = YES;
				CLANG_WARN__DUPLICATE_METHOD_MATCH = YES;
				"CODE_SIGN_IDENTITY[sdk=iphoneos*]" = "iPhone Developer";
				COPY_PHASE_STRIP = YES;
				GCC_C_LANGUAGE_STANDARD = gnu99;
				GCC_VERSION = com.apple.compilers.llvm.clang.1_0;
				GCC_WARN_ABOUT_RETURN_TYPE = YES;
				GCC_WARN_UNINITIALIZED_AUTOS = YES;
				GCC_WARN_UNUSED_VARIABLE = YES;
				IPHONEOS_DEPLOYMENT_TARGET = 5.1;
				OTHER_CFLAGS = "-DNS_BLOCK_ASSERTIONS=1";
				SDKROOT = iphoneos;
				VALIDATE_PRODUCT = YES;
			};
			name = Release;
		};
		B5677EA91602317400FCDC4F /* Debug */ = {
			isa = XCBuildConfiguration;
			buildSettings = {
				GCC_PRECOMPILE_PREFIX_HEADER = YES;
				GCC_PREFIX_HEADER = "beatles/beatles-Prefix.pch";
				INFOPLIST_FILE = "beatles/beatles-Info.plist";
				IPHONEOS_DEPLOYMENT_TARGET = 5.1;
				PRODUCT_NAME = "$(TARGET_NAME)";
				TARGETED_DEVICE_FAMILY = 1;
				WRAPPER_EXTENSION = app;
			};
			name = Debug;
		};
		B5677EAA1602317400FCDC4F /* Release */ = {
			isa = XCBuildConfiguration;
			buildSettings = {
				GCC_PRECOMPILE_PREFIX_HEADER = YES;
				GCC_PREFIX_HEADER = "beatles/beatles-Prefix.pch";
				INFOPLIST_FILE = "beatles/beatles-Info.plist";
				IPHONEOS_DEPLOYMENT_TARGET = 5.1;
				PRODUCT_NAME = "$(TARGET_NAME)";
				TARGETED_DEVICE_FAMILY = 1;
				WRAPPER_EXTENSION = app;
			};
			name = Release;
		};
		B5912E48166E641A00AAB86A /* Debug */ = {
			isa = XCBuildConfiguration;
			buildSettings = {
				GCC_PRECOMPILE_PREFIX_HEADER = YES;
				GCC_PREFIX_HEADER = "beatles/beatles-Prefix.pch";
				INFOPLIST_FILE = "beatles copy-Info.plist";
				IPHONEOS_DEPLOYMENT_TARGET = 5.1;
				PRODUCT_NAME = "beatles-iPad";
				TARGETED_DEVICE_FAMILY = 2;
				WRAPPER_EXTENSION = app;
			};
			name = Debug;
		};
		B5912E49166E641A00AAB86A /* Release */ = {
			isa = XCBuildConfiguration;
			buildSettings = {
				GCC_PRECOMPILE_PREFIX_HEADER = YES;
				GCC_PREFIX_HEADER = "beatles/beatles-Prefix.pch";
				INFOPLIST_FILE = "beatles copy-Info.plist";
				IPHONEOS_DEPLOYMENT_TARGET = 5.1;
				PRODUCT_NAME = "beatles-iPad";
				TARGETED_DEVICE_FAMILY = 2;
				WRAPPER_EXTENSION = app;
			};
			name = Release;
		};
/* End XCBuildConfiguration section */

/* Begin XCConfigurationList section */
		B5677E841602317400FCDC4F /* Build configuration list for PBXProject "beatles" */ = {
			isa = XCConfigurationList;
			buildConfigurations = (
				B5677EA61602317400FCDC4F /* Debug */,
				B5677EA71602317400FCDC4F /* Release */,
			);
			defaultConfigurationIsVisible = 0;
			defaultConfigurationName = Release;
		};
		B5677EA81602317400FCDC4F /* Build configuration list for PBXNativeTarget "beatles" */ = {
			isa = XCConfigurationList;
			buildConfigurations = (
				B5677EA91602317400FCDC4F /* Debug */,
				B5677EAA1602317400FCDC4F /* Release */,
			);
			defaultConfigurationIsVisible = 0;
			defaultConfigurationName = Release;
		};
		B5912E47166E641A00AAB86A /* Build configuration list for PBXNativeTarget "beatles-iPad" */ = {
			isa = XCConfigurationList;
			buildConfigurations = (
				B5912E48166E641A00AAB86A /* Debug */,
				B5912E49166E641A00AAB86A /* Release */,
			);
			defaultConfigurationIsVisible = 0;
			defaultConfigurationName = Release;
		};
/* End XCConfigurationList section */
	};
	rootObject = B5677E811602317400FCDC4F /* Project object */;
}
