// !$*UTF8*$!
{
	archiveVersion = 1;
	classes = {
	};
	objectVersion = 46;
	objects = {

/* Begin PBXBuildFile section */
		B595F3B51639900B00ED54A2 /* UIKit.framework in Frameworks */ = {isa = PBXBuildFile; fileRef = B595F3B41639900B00ED54A2 /* UIKit.framework */; };
		B595F3B71639900B00ED54A2 /* Foundation.framework in Frameworks */ = {isa = PBXBuildFile; fileRef = B595F3B61639900B00ED54A2 /* Foundation.framework */; };
		B595F3B91639900B00ED54A2 /* CoreGraphics.framework in Frameworks */ = {isa = PBXBuildFile; fileRef = B595F3B81639900B00ED54A2 /* CoreGraphics.framework */; };
		B595F3BF1639900B00ED54A2 /* InfoPlist.strings in Resources */ = {isa = PBXBuildFile; fileRef = B595F3BD1639900B00ED54A2 /* InfoPlist.strings */; };
		B595F3C11639900B00ED54A2 /* main.m in Sources */ = {isa = PBXBuildFile; fileRef = B595F3C01639900B00ED54A2 /* main.m */; };
		B595F3C51639900B00ED54A2 /* MADAppDelegate.m in Sources */ = {isa = PBXBuildFile; fileRef = B595F3C41639900B00ED54A2 /* MADAppDelegate.m */; };
		B595F3CC1639904100ED54A2 /* continents.plist in Resources */ = {isa = PBXBuildFile; fileRef = B595F3CB1639904100ED54A2 /* continents.plist */; };
		B595F3CE1639904E00ED54A2 /* world.png in Resources */ = {isa = PBXBuildFile; fileRef = B595F3CD1639904E00ED54A2 /* world.png */; };
		B595F3D21639917B00ED54A2 /* MADMasterViewController.m in Sources */ = {isa = PBXBuildFile; fileRef = B595F3D01639917B00ED54A2 /* MADMasterViewController.m */; };
		B595F3D31639917B00ED54A2 /* MADMasterViewController.xib in Resources */ = {isa = PBXBuildFile; fileRef = B595F3D11639917B00ED54A2 /* MADMasterViewController.xib */; };
		B595F3D71639995400ED54A2 /* MADDetailViewController.m in Sources */ = {isa = PBXBuildFile; fileRef = B595F3D51639995300ED54A2 /* MADDetailViewController.m */; };
		B595F3D81639995400ED54A2 /* MADDetailViewController.xib in Resources */ = {isa = PBXBuildFile; fileRef = B595F3D61639995400ED54A2 /* MADDetailViewController.xib */; };
/* End PBXBuildFile section */

/* Begin PBXFileReference section */
		B595F3B01639900B00ED54A2 /* Countries2.app */ = {isa = PBXFileReference; explicitFileType = wrapper.application; includeInIndex = 0; path = Countries2.app; sourceTree = BUILT_PRODUCTS_DIR; };
		B595F3B41639900B00ED54A2 /* UIKit.framework */ = {isa = PBXFileReference; lastKnownFileType = wrapper.framework; name = UIKit.framework; path = System/Library/Frameworks/UIKit.framework; sourceTree = SDKROOT; };
		B595F3B61639900B00ED54A2 /* Foundation.framework */ = {isa = PBXFileReference; lastKnownFileType = wrapper.framework; name = Foundation.framework; path = System/Library/Frameworks/Foundation.framework; sourceTree = SDKROOT; };
		B595F3B81639900B00ED54A2 /* CoreGraphics.framework */ = {isa = PBXFileReference; lastKnownFileType = wrapper.framework; name = CoreGraphics.framework; path = System/Library/Frameworks/CoreGraphics.framework; sourceTree = SDKROOT; };
		B595F3BC1639900B00ED54A2 /* Countries2-Info.plist */ = {isa = PBXFileReference; lastKnownFileType = text.plist.xml; path = "Countries2-Info.plist"; sourceTree = "<group>"; };
		B595F3BE1639900B00ED54A2 /* en */ = {isa = PBXFileReference; lastKnownFileType = text.plist.strings; name = en; path = en.lproj/InfoPlist.strings; sourceTree = "<group>"; };
		B595F3C01639900B00ED54A2 /* main.m */ = {isa = PBXFileReference; lastKnownFileType = sourcecode.c.objc; path = main.m; sourceTree = "<group>"; };
		B595F3C21639900B00ED54A2 /* Countries2-Prefix.pch */ = {isa = PBXFileReference; lastKnownFileType = sourcecode.c.h; path = "Countries2-Prefix.pch"; sourceTree = "<group>"; };
		B595F3C31639900B00ED54A2 /* MADAppDelegate.h */ = {isa = PBXFileReference; lastKnownFileType = sourcecode.c.h; path = MADAppDelegate.h; sourceTree = "<group>"; };
		B595F3C41639900B00ED54A2 /* MADAppDelegate.m */ = {isa = PBXFileReference; lastKnownFileType = sourcecode.c.objc; path = MADAppDelegate.m; sourceTree = "<group>"; };
		B595F3CB1639904100ED54A2 /* continents.plist */ = {isa = PBXFileReference; fileEncoding = 4; lastKnownFileType = text.plist.xml; path = continents.plist; sourceTree = "<group>"; };
		B595F3CD1639904E00ED54A2 /* world.png */ = {isa = PBXFileReference; lastKnownFileType = image.png; path = world.png; sourceTree = "<group>"; };
		B595F3CF1639917B00ED54A2 /* MADMasterViewController.h */ = {isa = PBXFileReference; fileEncoding = 4; lastKnownFileType = sourcecode.c.h; path = MADMasterViewController.h; sourceTree = "<group>"; };
		B595F3D01639917B00ED54A2 /* MADMasterViewController.m */ = {isa = PBXFileReference; fileEncoding = 4; lastKnownFileType = sourcecode.c.objc; path = MADMasterViewController.m; sourceTree = "<group>"; };
		B595F3D11639917B00ED54A2 /* MADMasterViewController.xib */ = {isa = PBXFileReference; fileEncoding = 4; lastKnownFileType = file.xib; path = MADMasterViewController.xib; sourceTree = "<group>"; };
		B595F3D41639995300ED54A2 /* MADDetailViewController.h */ = {isa = PBXFileReference; fileEncoding = 4; lastKnownFileType = sourcecode.c.h; path = MADDetailViewController.h; sourceTree = "<group>"; };
		B595F3D51639995300ED54A2 /* MADDetailViewController.m */ = {isa = PBXFileReference; fileEncoding = 4; lastKnownFileType = sourcecode.c.objc; path = MADDetailViewController.m; sourceTree = "<group>"; };
		B595F3D61639995400ED54A2 /* MADDetailViewController.xib */ = {isa = PBXFileReference; fileEncoding = 4; lastKnownFileType = file.xib; path = MADDetailViewController.xib; sourceTree = "<group>"; };
/* End PBXFileReference section */

/* Begin PBXFrameworksBuildPhase section */
		B595F3AD1639900B00ED54A2 /* Frameworks */ = {
			isa = PBXFrameworksBuildPhase;
			buildActionMask = 2147483647;
			files = (
				B595F3B51639900B00ED54A2 /* UIKit.framework in Frameworks */,
				B595F3B71639900B00ED54A2 /* Foundation.framework in Frameworks */,
				B595F3B91639900B00ED54A2 /* CoreGraphics.framework in Frameworks */,
			);
			runOnlyForDeploymentPostprocessing = 0;
		};
/* End PBXFrameworksBuildPhase section */

/* Begin PBXGroup section */
		B595F3A51639900B00ED54A2 = {
			isa = PBXGroup;
			children = (
				B595F3BA1639900B00ED54A2 /* Countries2 */,
				B595F3B31639900B00ED54A2 /* Frameworks */,
				B595F3B11639900B00ED54A2 /* Products */,
			);
			sourceTree = "<group>";
		};
		B595F3B11639900B00ED54A2 /* Products */ = {
			isa = PBXGroup;
			children = (
				B595F3B01639900B00ED54A2 /* Countries2.app */,
			);
			name = Products;
			sourceTree = "<group>";
		};
		B595F3B31639900B00ED54A2 /* Frameworks */ = {
			isa = PBXGroup;
			children = (
				B595F3B41639900B00ED54A2 /* UIKit.framework */,
				B595F3B61639900B00ED54A2 /* Foundation.framework */,
				B595F3B81639900B00ED54A2 /* CoreGraphics.framework */,
			);
			name = Frameworks;
			sourceTree = "<group>";
		};
		B595F3BA1639900B00ED54A2 /* Countries2 */ = {
			isa = PBXGroup;
			children = (
				B595F3C31639900B00ED54A2 /* MADAppDelegate.h */,
				B595F3C41639900B00ED54A2 /* MADAppDelegate.m */,
				B595F3D41639995300ED54A2 /* MADDetailViewController.h */,
				B595F3D51639995300ED54A2 /* MADDetailViewController.m */,
				B595F3D61639995400ED54A2 /* MADDetailViewController.xib */,
				B595F3CF1639917B00ED54A2 /* MADMasterViewController.h */,
				B595F3D01639917B00ED54A2 /* MADMasterViewController.m */,
				B595F3D11639917B00ED54A2 /* MADMasterViewController.xib */,
				B595F3BB1639900B00ED54A2 /* Supporting Files */,
			);
			path = Countries2;
			sourceTree = "<group>";
		};
		B595F3BB1639900B00ED54A2 /* Supporting Files */ = {
			isa = PBXGroup;
			children = (
				B595F3CD1639904E00ED54A2 /* world.png */,
				B595F3CB1639904100ED54A2 /* continents.plist */,
				B595F3BC1639900B00ED54A2 /* Countries2-Info.plist */,
				B595F3BD1639900B00ED54A2 /* InfoPlist.strings */,
				B595F3C01639900B00ED54A2 /* main.m */,
				B595F3C21639900B00ED54A2 /* Countries2-Prefix.pch */,
			);
			name = "Supporting Files";
			sourceTree = "<group>";
		};
/* End PBXGroup section */

/* Begin PBXNativeTarget section */
		B595F3AF1639900B00ED54A2 /* Countries2 */ = {
			isa = PBXNativeTarget;
			buildConfigurationList = B595F3C81639900B00ED54A2 /* Build configuration list for PBXNativeTarget "Countries2" */;
			buildPhases = (
				B595F3AC1639900B00ED54A2 /* Sources */,
				B595F3AD1639900B00ED54A2 /* Frameworks */,
				B595F3AE1639900B00ED54A2 /* Resources */,
			);
			buildRules = (
			);
			dependencies = (
			);
			name = Countries2;
			productName = Countries2;
			productReference = B595F3B01639900B00ED54A2 /* Countries2.app */;
			productType = "com.apple.product-type.application";
		};
/* End PBXNativeTarget section */

/* Begin PBXProject section */
		B595F3A71639900B00ED54A2 /* Project object */ = {
			isa = PBXProject;
			attributes = {
				CLASSPREFIX = MAD;
				LastUpgradeCheck = 0440;
				ORGANIZATIONNAME = "Ben Leduc-Mills";
			};
			buildConfigurationList = B595F3AA1639900B00ED54A2 /* Build configuration list for PBXProject "Countries2" */;
			compatibilityVersion = "Xcode 3.2";
			developmentRegion = English;
			hasScannedForEncodings = 0;
			knownRegions = (
				en,
			);
			mainGroup = B595F3A51639900B00ED54A2;
			productRefGroup = B595F3B11639900B00ED54A2 /* Products */;
			projectDirPath = "";
			projectRoot = "";
			targets = (
				B595F3AF1639900B00ED54A2 /* Countries2 */,
			);
		};
/* End PBXProject section */

/* Begin PBXResourcesBuildPhase section */
		B595F3AE1639900B00ED54A2 /* Resources */ = {
			isa = PBXResourcesBuildPhase;
			buildActionMask = 2147483647;
			files = (
				B595F3BF1639900B00ED54A2 /* InfoPlist.strings in Resources */,
				B595F3CC1639904100ED54A2 /* continents.plist in Resources */,
				B595F3CE1639904E00ED54A2 /* world.png in Resources */,
				B595F3D31639917B00ED54A2 /* MADMasterViewController.xib in Resources */,
				B595F3D81639995400ED54A2 /* MADDetailViewController.xib in Resources */,
			);
			runOnlyForDeploymentPostprocessing = 0;
		};
/* End PBXResourcesBuildPhase section */

/* Begin PBXSourcesBuildPhase section */
		B595F3AC1639900B00ED54A2 /* Sources */ = {
			isa = PBXSourcesBuildPhase;
			buildActionMask = 2147483647;
			files = (
				B595F3C11639900B00ED54A2 /* main.m in Sources */,
				B595F3C51639900B00ED54A2 /* MADAppDelegate.m in Sources */,
				B595F3D21639917B00ED54A2 /* MADMasterViewController.m in Sources */,
				B595F3D71639995400ED54A2 /* MADDetailViewController.m in Sources */,
			);
			runOnlyForDeploymentPostprocessing = 0;
		};
/* End PBXSourcesBuildPhase section */

/* Begin PBXVariantGroup section */
		B595F3BD1639900B00ED54A2 /* InfoPlist.strings */ = {
			isa = PBXVariantGroup;
			children = (
				B595F3BE1639900B00ED54A2 /* en */,
			);
			name = InfoPlist.strings;
			sourceTree = "<group>";
		};
/* End PBXVariantGroup section */

/* Begin XCBuildConfiguration section */
		B595F3C61639900B00ED54A2 /* Debug */ = {
			isa = XCBuildConfiguration;
			buildSettings = {
				ALWAYS_SEARCH_USER_PATHS = NO;
				ARCHS = "$(ARCHS_STANDARD_32_BIT)";
				CLANG_CXX_LANGUAGE_STANDARD = "gnu++0x";
				CLANG_ENABLE_OBJC_ARC = YES;
				CLANG_WARN__DUPLICATE_METHOD_MATCH = YES;
				"CODE_SIGN_IDENTITY[sdk=iphoneos*]" = "iPhone Developer";
				COPY_PHASE_STRIP = NO;
				GCC_C_LANGUAGE_STANDARD = gnu99;
				GCC_DYNAMIC_NO_PIC = NO;
				GCC_OPTIMIZATION_LEVEL = 0;
				GCC_PREPROCESSOR_DEFINITIONS = (
					"DEBUG=1",
					"$(inherited)",
				);
				GCC_SYMBOLS_PRIVATE_EXTERN = NO;
				GCC_VERSION = com.apple.compilers.llvm.clang.1_0;
				GCC_WARN_ABOUT_RETURN_TYPE = YES;
				GCC_WARN_UNINITIALIZED_AUTOS = YES;
				GCC_WARN_UNUSED_VARIABLE = YES;
				IPHONEOS_DEPLOYMENT_TARGET = 5.1;
				SDKROOT = iphoneos;
			};
			name = Debug;
		};
		B595F3C71639900B00ED54A2 /* Release */ = {
			isa = XCBuildConfiguration;
			buildSettings = {
				ALWAYS_SEARCH_USER_PATHS = NO;
				ARCHS = "$(ARCHS_STANDARD_32_BIT)";
				CLANG_CXX_LANGUAGE_STANDARD = "gnu++0x";
				CLANG_ENABLE_OBJC_ARC = YES;
				CLANG_WARN__DUPLICATE_METHOD_MATCH = YES;
				"CODE_SIGN_IDENTITY[sdk=iphoneos*]" = "iPhone Developer";
				COPY_PHASE_STRIP = YES;
				GCC_C_LANGUAGE_STANDARD = gnu99;
				GCC_VERSION = com.apple.compilers.llvm.clang.1_0;
				GCC_WARN_ABOUT_RETURN_TYPE = YES;
				GCC_WARN_UNINITIALIZED_AUTOS = YES;
				GCC_WARN_UNUSED_VARIABLE = YES;
				IPHONEOS_DEPLOYMENT_TARGET = 5.1;
				OTHER_CFLAGS = "-DNS_BLOCK_ASSERTIONS=1";
				SDKROOT = iphoneos;
				VALIDATE_PRODUCT = YES;
			};
			name = Release;
		};
		B595F3C91639900B00ED54A2 /* Debug */ = {
			isa = XCBuildConfiguration;
			buildSettings = {
				GCC_PRECOMPILE_PREFIX_HEADER = YES;
				GCC_PREFIX_HEADER = "Countries2/Countries2-Prefix.pch";
				INFOPLIST_FILE = "Countries2/Countries2-Info.plist";
				PRODUCT_NAME = "$(TARGET_NAME)";
				WRAPPER_EXTENSION = app;
			};
			name = Debug;
		};
		B595F3CA1639900B00ED54A2 /* Release */ = {
			isa = XCBuildConfiguration;
			buildSettings = {
				GCC_PRECOMPILE_PREFIX_HEADER = YES;
				GCC_PREFIX_HEADER = "Countries2/Countries2-Prefix.pch";
				INFOPLIST_FILE = "Countries2/Countries2-Info.plist";
				PRODUCT_NAME = "$(TARGET_NAME)";
				WRAPPER_EXTENSION = app;
			};
			name = Release;
		};
/* End XCBuildConfiguration section */

/* Begin XCConfigurationList section */
		B595F3AA1639900B00ED54A2 /* Build configuration list for PBXProject "Countries2" */ = {
			isa = XCConfigurationList;
			buildConfigurations = (
				B595F3C61639900B00ED54A2 /* Debug */,
				B595F3C71639900B00ED54A2 /* Release */,
			);
			defaultConfigurationIsVisible = 0;
			defaultConfigurationName = Release;
		};
		B595F3C81639900B00ED54A2 /* Build configuration list for PBXNativeTarget "Countries2" */ = {
			isa = XCConfigurationList;
			buildConfigurations = (
				B595F3C91639900B00ED54A2 /* Debug */,
				B595F3CA1639900B00ED54A2 /* Release */,
			);
			defaultConfigurationIsVisible = 0;
		};
/* End XCConfigurationList section */
	};
	rootObject = B595F3A71639900B00ED54A2 /* Project object */;
}
